// !$*UTF8*$!
{
	archiveVersion = 1;
	classes = {
	};
	objectVersion = 56;
	objects = {

/* Begin PBXBuildFile section */
		234783742A013EAB0066EDF8 /* LocationPluckListResponse.swift in Sources */ = {isa = PBXBuildFile; fileRef = 234783732A013EAB0066EDF8 /* LocationPluckListResponse.swift */; };
		236309DE29F3D4D700F09BF9 /* AddLocationPage.swift in Sources */ = {isa = PBXBuildFile; fileRef = 236309DD29F3D4D700F09BF9 /* AddLocationPage.swift */; };
		236309E029F3D4FE00F09BF9 /* LocationPage.swift in Sources */ = {isa = PBXBuildFile; fileRef = 236309DF29F3D4FE00F09BF9 /* LocationPage.swift */; };
		2386BC1E299BE80F00916B5C /* DefaultInput.swift in Sources */ = {isa = PBXBuildFile; fileRef = 2386BC1D299BE80F00916B5C /* DefaultInput.swift */; };
		23BCAE30299F70D70038C0D7 /* AccountPage.swift in Sources */ = {isa = PBXBuildFile; fileRef = 23BCAE2F299F70D70038C0D7 /* AccountPage.swift */; };
		23BCAE32299F75A70038C0D7 /* Header.swift in Sources */ = {isa = PBXBuildFile; fileRef = 23BCAE31299F75A70038C0D7 /* Header.swift */; };
		23BCAE36299FA4D00038C0D7 /* CargoType.swift in Sources */ = {isa = PBXBuildFile; fileRef = 23BCAE35299FA4D00038C0D7 /* CargoType.swift */; };
		23D9B9E9299A7C9600AA46EC /* DefaultButton.swift in Sources */ = {isa = PBXBuildFile; fileRef = 23D9B9E8299A7C9600AA46EC /* DefaultButton.swift */; };
		8D1A2DE229966A42007062CE /* Font+Extension.swift in Sources */ = {isa = PBXBuildFile; fileRef = 8D1A2DE129966A42007062CE /* Font+Extension.swift */; };
		8D203A2A299E2E9C00D768BA /* PluckListDisplay.swift in Sources */ = {isa = PBXBuildFile; fileRef = 8D203A29299E2E9C00D768BA /* PluckListDisplay.swift */; };
		8D203A3629A39DE300D768BA /* PluckFinish.swift in Sources */ = {isa = PBXBuildFile; fileRef = 8D203A3529A39DE300D768BA /* PluckFinish.swift */; };
		8D46B25E29C340A000F3E9EB /* CargoCarrier.swift in Sources */ = {isa = PBXBuildFile; fileRef = 8D46B25D29C340A000F3E9EB /* CargoCarrier.swift */; };
		8D4A8155299D18B300B9A715 /* Footer.swift in Sources */ = {isa = PBXBuildFile; fileRef = 8D4A8154299D18B300B9A715 /* Footer.swift */; };
		8D67F8EC299E240A001DB87C /* TabBar.swift in Sources */ = {isa = PBXBuildFile; fileRef = 8D67F8EB299E240A001DB87C /* TabBar.swift */; };
		8D77C3B829E5386300C36D11 /* Voice.swift in Sources */ = {isa = PBXBuildFile; fileRef = 8D77C3B729E5386300C36D11 /* Voice.swift */; };
		8D77C3BA29E5390000C36D11 /* TTSService.swift in Sources */ = {isa = PBXBuildFile; fileRef = 8D77C3B929E5390000C36D11 /* TTSService.swift */; };
		8D77C3BC29E6984B00C36D11 /* PluckCardDetail.swift in Sources */ = {isa = PBXBuildFile; fileRef = 8D77C3BB29E6984B00C36D11 /* PluckCardDetail.swift */; };
		8D921C5B29A673610015800D /* ButtonRandomizer.swift in Sources */ = {isa = PBXBuildFile; fileRef = 8D921C5A29A673610015800D /* ButtonRandomizer.swift */; };
		8DA673742A0301D10040FDEF /* SwiftClockUI in Frameworks */ = {isa = PBXBuildFile; productRef = 8DA673732A0301D10040FDEF /* SwiftClockUI */; };
		8DAB093429968296005A61C0 /* Styles+Extensions.swift in Sources */ = {isa = PBXBuildFile; fileRef = 8DAB093329968296005A61C0 /* Styles+Extensions.swift */; };
		8DB45FF729D6D32D0057BCDB /* VerificationPage.swift in Sources */ = {isa = PBXBuildFile; fileRef = 8DB45FF629D6D32D0057BCDB /* VerificationPage.swift */; };
		8DB727AC29CDA78F009CA150 /* User.swift in Sources */ = {isa = PBXBuildFile; fileRef = 8DB727AB29CDA78F009CA150 /* User.swift */; };
		8DBAB8FB29CB01DC0073B134 /* PluckListLocation.swift in Sources */ = {isa = PBXBuildFile; fileRef = 8DBAB8FA29CB01DC0073B134 /* PluckListLocation.swift */; };
		8DFBEB9029F7EDBA00D8E2D1 /* ProductDto.swift in Sources */ = {isa = PBXBuildFile; fileRef = 8DFBEB8F29F7EDBA00D8E2D1 /* ProductDto.swift */; };
		8DFBEB9129F7F81000D8E2D1 /* UpdatePluckListRequest.swift in Sources */ = {isa = PBXBuildFile; fileRef = F62D377529F43C1C00455B80 /* UpdatePluckListRequest.swift */; };
		E80E99652A039BBF00F2D8CD /* CustomProgressView.swift in Sources */ = {isa = PBXBuildFile; fileRef = E80E99642A039BBF00F2D8CD /* CustomProgressView.swift */; };
		E80E99672A03CE4C00F2D8CD /* ProfilePictureView.swift in Sources */ = {isa = PBXBuildFile; fileRef = E80E99662A03CE4C00F2D8CD /* ProfilePictureView.swift */; };
		E80E996B2A03DDEF00F2D8CD /* BannerModifier.swift in Sources */ = {isa = PBXBuildFile; fileRef = E80E996A2A03DDEF00F2D8CD /* BannerModifier.swift */; };
		E80E996E2A03DE0700F2D8CD /* ImagePicker.swift in Sources */ = {isa = PBXBuildFile; fileRef = E80E996C2A03DE0700F2D8CD /* ImagePicker.swift */; };
		E80E996F2A03DE0700F2D8CD /* CustomDisclosureGroup.swift in Sources */ = {isa = PBXBuildFile; fileRef = E80E996D2A03DE0700F2D8CD /* CustomDisclosureGroup.swift */; };
		E80E99712A03E5E600F2D8CD /* ProfilePictureDto.swift in Sources */ = {isa = PBXBuildFile; fileRef = E80E99702A03E5E600F2D8CD /* ProfilePictureDto.swift */; };
		E8236EA629FA4B6300447F34 /* EmployeesPage.swift in Sources */ = {isa = PBXBuildFile; fileRef = E8236EA529FA4B6300447F34 /* EmployeesPage.swift */; };
		E8236EA829FA4B7D00447F34 /* AddEmployeePage.swift in Sources */ = {isa = PBXBuildFile; fileRef = E8236EA729FA4B7D00447F34 /* AddEmployeePage.swift */; };
		E8236EAA29FA5A7100447F34 /* DetailedEmployeePage.swift in Sources */ = {isa = PBXBuildFile; fileRef = E8236EA929FA5A7100447F34 /* DetailedEmployeePage.swift */; };
		E82B0AC529A0221400A5F1E2 /* Validator.swift in Sources */ = {isa = PBXBuildFile; fileRef = E82B0AC429A0221400A5F1E2 /* Validator.swift */; };
		E83BD8862A0124D30044FAE2 /* VoiceChatPage.swift in Sources */ = {isa = PBXBuildFile; fileRef = F68E429C29FD644B008E277E /* VoiceChatPage.swift */; };
		E83BD8882A01383F0044FAE2 /* RoleDto.swift in Sources */ = {isa = PBXBuildFile; fileRef = E83BD8872A01383F0044FAE2 /* RoleDto.swift */; };
		E83C9BC829B220BA000063E9 /* UserInfo.swift in Sources */ = {isa = PBXBuildFile; fileRef = E83C9BC729B220BA000063E9 /* UserInfo.swift */; };
		E83C9BCF29B2267E000063E9 /* AuthMode.swift in Sources */ = {isa = PBXBuildFile; fileRef = E83C9BCE29B2267E000063E9 /* AuthMode.swift */; };
		E83C9BD329B22716000063E9 /* AuthForm.swift in Sources */ = {isa = PBXBuildFile; fileRef = E83C9BD229B22716000063E9 /* AuthForm.swift */; };
		E83E008B2A012340009ACC46 /* UpdateLocationPage.swift in Sources */ = {isa = PBXBuildFile; fileRef = E83E008A2A012340009ACC46 /* UpdateLocationPage.swift */; };
		E845942B29E94B9A00DFE048 /* SetupWarehouse.swift in Sources */ = {isa = PBXBuildFile; fileRef = E845942A29E94B9A00DFE048 /* SetupWarehouse.swift */; };
		E845942E29E9698C00DFE048 /* AddWarehouseDto.swift in Sources */ = {isa = PBXBuildFile; fileRef = E845942D29E9698C00DFE048 /* AddWarehouseDto.swift */; };
		E85FF604299D125A000CB6A4 /* Roboto in Resources */ = {isa = PBXBuildFile; fileRef = E85FF603299D125A000CB6A4 /* Roboto */; };
		E8603B3F2996584000E09361 /* voice_pick_frontendApp.swift in Sources */ = {isa = PBXBuildFile; fileRef = E8603B3E2996584000E09361 /* voice_pick_frontendApp.swift */; };
		E8603B412996584000E09361 /* ContentView.swift in Sources */ = {isa = PBXBuildFile; fileRef = E8603B402996584000E09361 /* ContentView.swift */; };
		E8603B432996584100E09361 /* Assets.xcassets in Resources */ = {isa = PBXBuildFile; fileRef = E8603B422996584100E09361 /* Assets.xcassets */; };
		E8603B462996584100E09361 /* Preview Assets.xcassets in Resources */ = {isa = PBXBuildFile; fileRef = E8603B452996584100E09361 /* Preview Assets.xcassets */; };
		E8603B502996584100E09361 /* voice_pick_frontendTests.swift in Sources */ = {isa = PBXBuildFile; fileRef = E8603B4F2996584100E09361 /* voice_pick_frontendTests.swift */; };
		E8603B5A2996584100E09361 /* voice_pick_frontendUITests.swift in Sources */ = {isa = PBXBuildFile; fileRef = E8603B592996584100E09361 /* voice_pick_frontendUITests.swift */; };
		E8603B5C2996584100E09361 /* voice_pick_frontendUITestsLaunchTests.swift in Sources */ = {isa = PBXBuildFile; fileRef = E8603B5B2996584100E09361 /* voice_pick_frontendUITestsLaunchTests.swift */; };
		E8880CA629C4E7EC00FE91C8 /* PluckService.swift in Sources */ = {isa = PBXBuildFile; fileRef = 8D5AEBF629C46D5E0030FAF5 /* PluckService.swift */; };
		E88A321829EFF8C60083B353 /* WarehouseDto.swift in Sources */ = {isa = PBXBuildFile; fileRef = E88A321729EFF8C60083B353 /* WarehouseDto.swift */; };
		E89E3C8E299D09C0007D77AD /* AuthPage.swift in Sources */ = {isa = PBXBuildFile; fileRef = E89E3C8D299D09C0007D77AD /* AuthPage.swift */; };
		E8A2432529C30EC1007D0F60 /* LoginResponse.swift in Sources */ = {isa = PBXBuildFile; fileRef = E8A2432429C30EC1007D0F60 /* LoginResponse.swift */; };
		E8A2432929C32CCF007D0F60 /* AuthenticationService.swift in Sources */ = {isa = PBXBuildFile; fileRef = E8A2432829C32CCF007D0F60 /* AuthenticationService.swift */; };
		E8A2432B29C35B54007D0F60 /* PasswordInput.swift in Sources */ = {isa = PBXBuildFile; fileRef = E8A2432A29C35B54007D0F60 /* PasswordInput.swift */; };
		E8B8179829967D8400962940 /* Color+Extensions.swift in Sources */ = {isa = PBXBuildFile; fileRef = E8B8179729967D8400962940 /* Color+Extensions.swift */; };
		E8D9DCE62A0421D0000B65FD /* RefreshTokenResponse.swift in Sources */ = {isa = PBXBuildFile; fileRef = E8D9DCE52A0421D0000B65FD /* RefreshTokenResponse.swift */; };
		E8F8886729C30C8D007B77E4 /* KeychainSwift in Frameworks */ = {isa = PBXBuildFile; productRef = E8F8886629C30C8D007B77E4 /* KeychainSwift */; };
		F60AD480299CF683008A30F5 /* PluckLobby.swift in Sources */ = {isa = PBXBuildFile; fileRef = F60AD47F299CF683008A30F5 /* PluckLobby.swift */; };
		F60AD482299CF70B008A30F5 /* Card.swift in Sources */ = {isa = PBXBuildFile; fileRef = F60AD481299CF70A008A30F5 /* Card.swift */; };
		F60AD485299D0AD1008A30F5 /* Title.swift in Sources */ = {isa = PBXBuildFile; fileRef = F60AD484299D0AD1008A30F5 /* Title.swift */; };
		F60AD487299D0BDA008A30F5 /* SubTitle.swift in Sources */ = {isa = PBXBuildFile; fileRef = F60AD486299D0BDA008A30F5 /* SubTitle.swift */; };
		F60AD489299D1329008A30F5 /* Paragraph.swift in Sources */ = {isa = PBXBuildFile; fileRef = F60AD488299D1329008A30F5 /* Paragraph.swift */; };
		F60AD48F299E4752008A30F5 /* PluckInfo.swift in Sources */ = {isa = PBXBuildFile; fileRef = F60AD48E299E4752008A30F5 /* PluckInfo.swift */; };
		F60AD491299E4D8C008A30F5 /* PluckPage.swift in Sources */ = {isa = PBXBuildFile; fileRef = F60AD490299E4D8C008A30F5 /* PluckPage.swift */; };
		F60FFA4329E54DB900DB4879 /* CodeScanner in Frameworks */ = {isa = PBXBuildFile; productRef = F60FFA4229E54DB900DB4879 /* CodeScanner */; };
		F619709929C35F1D00927BDB /* DangerButton.swift in Sources */ = {isa = PBXBuildFile; fileRef = F619709829C35F1D00927BDB /* DangerButton.swift */; };
		F619709B29C4981D00927BDB /* JustifiedContainer.swift in Sources */ = {isa = PBXBuildFile; fileRef = F619709A29C4981D00927BDB /* JustifiedContainer.swift */; };
		F62D1AFC29EEBD95005ED754 /* VerifyRequestDto.swift in Sources */ = {isa = PBXBuildFile; fileRef = F62D1AFB29EEBD95005ED754 /* VerifyRequestDto.swift */; };
		F62D377429F42ECB00455B80 /* UpdatePluckRequest.swift in Sources */ = {isa = PBXBuildFile; fileRef = F62D377329F42ECB00455B80 /* UpdatePluckRequest.swift */; };
		F640285129CD85B70023AE34 /* VoiceService.swift in Sources */ = {isa = PBXBuildFile; fileRef = F640285029CD85B70023AE34 /* VoiceService.swift */; };
		F662F78129E1852800C7FAC0 /* TokenDto.swift in Sources */ = {isa = PBXBuildFile; fileRef = F662F78029E1852800C7FAC0 /* TokenDto.swift */; };
		F67354A929AF57C700D7E601 /* PluckCard.swift in Sources */ = {isa = PBXBuildFile; fileRef = F67354A829AF57C700D7E601 /* PluckCard.swift */; };
		F67354AB29AF73E200D7E601 /* PluckComplete.swift in Sources */ = {isa = PBXBuildFile; fileRef = F67354AA29AF73E200D7E601 /* PluckComplete.swift */; };
		F6754BF6299FAA91007CEDB5 /* AnyTransition.swift in Sources */ = {isa = PBXBuildFile; fileRef = F6754BF5299FAA91007CEDB5 /* AnyTransition.swift */; };
		F6754BF8299FABF3007CEDB5 /* Pluck.swift in Sources */ = {isa = PBXBuildFile; fileRef = F6754BF7299FABF3007CEDB5 /* Pluck.swift */; };
		F6754BFC299FBC0E007CEDB5 /* Product.swift in Sources */ = {isa = PBXBuildFile; fileRef = F6754BFB299FBC0E007CEDB5 /* Product.swift */; };
		F6754BFE299FBD08007CEDB5 /* PluckList.swift in Sources */ = {isa = PBXBuildFile; fileRef = F6754BFD299FBD08007CEDB5 /* PluckList.swift */; };
		F6754C02299FCDF1007CEDB5 /* DefaultLabel.swift in Sources */ = {isa = PBXBuildFile; fileRef = F6754C01299FCDF1007CEDB5 /* DefaultLabel.swift */; };
		F68A5B0829E6FD97004E4E9B /* AddProductPage.swift in Sources */ = {isa = PBXBuildFile; fileRef = F68A5B0729E6FD97004E4E9B /* AddProductPage.swift */; };
		F68A5B0A29E955CC004E4E9B /* UpdateProductPage.swift in Sources */ = {isa = PBXBuildFile; fileRef = F68A5B0929E955CC004E4E9B /* UpdateProductPage.swift */; };
		F68A5B0D29E976EB004E4E9B /* ProductField.swift in Sources */ = {isa = PBXBuildFile; fileRef = F68A5B0C29E976EB004E4E9B /* ProductField.swift */; };
		F68A5B1229E9773A004E4E9B /* PalletInfoDto.swift in Sources */ = {isa = PBXBuildFile; fileRef = F68A5B1129E9773A004E4E9B /* PalletInfoDto.swift */; };
		F68A5B1429E97751004E4E9B /* SaveProductDto.swift in Sources */ = {isa = PBXBuildFile; fileRef = F68A5B1329E97751004E4E9B /* SaveProductDto.swift */; };
		F68A5B1629E977FB004E4E9B /* EditableLabelInput.swift in Sources */ = {isa = PBXBuildFile; fileRef = F68A5B1529E977FB004E4E9B /* EditableLabelInput.swift */; };
		F68E42A329FD9421008E277E /* VoiceLog.swift in Sources */ = {isa = PBXBuildFile; fileRef = F68E42A229FD9421008E277E /* VoiceLog.swift */; };
		F68E42A529FD9458008E277E /* LogMessage.swift in Sources */ = {isa = PBXBuildFile; fileRef = F68E42A429FD9458008E277E /* LogMessage.swift */; };
		F69765BE29E6D7E700C697B8 /* WarehouseConfigurationPage.swift in Sources */ = {isa = PBXBuildFile; fileRef = F69765BD29E6D7E700C697B8 /* WarehouseConfigurationPage.swift */; };
		F69765C129E6E97800C697B8 /* ProductPage.swift in Sources */ = {isa = PBXBuildFile; fileRef = F69765C029E6E97800C697B8 /* ProductPage.swift */; };
		F6ACE70A29B090EC004AC10B /* RequestService.swift in Sources */ = {isa = PBXBuildFile; fileRef = F6ACE70929B090EC004AC10B /* RequestService.swift */; };
		F6ACE70C29B0AA47004AC10B /* Location.swift in Sources */ = {isa = PBXBuildFile; fileRef = F6ACE70B29B0AA47004AC10B /* Location.swift */; };
		F6ACE71A29B1FFCF004AC10B /* PluckPages.swift in Sources */ = {isa = PBXBuildFile; fileRef = F6ACE71929B1FFCF004AC10B /* PluckPages.swift */; };
		F6BD930929F9A51300D04542 /* ChangePasswordPage.swift in Sources */ = {isa = PBXBuildFile; fileRef = F6BD930829F9A51300D04542 /* ChangePasswordPage.swift */; };
		F6BD930B29F9B93000D04542 /* ChangePasswordRequest.swift in Sources */ = {isa = PBXBuildFile; fileRef = F6BD930A29F9B93000D04542 /* ChangePasswordRequest.swift */; };
		F6F2E78129D1970E00E56A11 /* TokenRequest.swift in Sources */ = {isa = PBXBuildFile; fileRef = F6F2E78029D1970E00E56A11 /* TokenRequest.swift */; };
/* End PBXBuildFile section */

/* Begin PBXContainerItemProxy section */
		E8603B4C2996584100E09361 /* PBXContainerItemProxy */ = {
			isa = PBXContainerItemProxy;
			containerPortal = E8603B332996584000E09361 /* Project object */;
			proxyType = 1;
			remoteGlobalIDString = E8603B3A2996584000E09361;
			remoteInfo = "voice-pick-frontend";
		};
		E8603B562996584100E09361 /* PBXContainerItemProxy */ = {
			isa = PBXContainerItemProxy;
			containerPortal = E8603B332996584000E09361 /* Project object */;
			proxyType = 1;
			remoteGlobalIDString = E8603B3A2996584000E09361;
			remoteInfo = "voice-pick-frontend";
		};
/* End PBXContainerItemProxy section */

/* Begin PBXFileReference section */
		234783732A013EAB0066EDF8 /* LocationPluckListResponse.swift */ = {isa = PBXFileReference; lastKnownFileType = sourcecode.swift; path = LocationPluckListResponse.swift; sourceTree = "<group>"; };
		236309DD29F3D4D700F09BF9 /* AddLocationPage.swift */ = {isa = PBXFileReference; lastKnownFileType = sourcecode.swift; path = AddLocationPage.swift; sourceTree = "<group>"; };
		236309DF29F3D4FE00F09BF9 /* LocationPage.swift */ = {isa = PBXFileReference; lastKnownFileType = sourcecode.swift; path = LocationPage.swift; sourceTree = "<group>"; };
		2386BC1D299BE80F00916B5C /* DefaultInput.swift */ = {isa = PBXFileReference; lastKnownFileType = sourcecode.swift; path = DefaultInput.swift; sourceTree = "<group>"; };
		23BCAE2F299F70D70038C0D7 /* AccountPage.swift */ = {isa = PBXFileReference; lastKnownFileType = sourcecode.swift; path = AccountPage.swift; sourceTree = "<group>"; };
		23BCAE31299F75A70038C0D7 /* Header.swift */ = {isa = PBXFileReference; lastKnownFileType = sourcecode.swift; path = Header.swift; sourceTree = "<group>"; };
		23BCAE35299FA4D00038C0D7 /* CargoType.swift */ = {isa = PBXFileReference; lastKnownFileType = sourcecode.swift; name = CargoType.swift; path = "voice-pick-frontend/feature/pluck/components/CargoType.swift"; sourceTree = SOURCE_ROOT; };
		23D9B9E8299A7C9600AA46EC /* DefaultButton.swift */ = {isa = PBXFileReference; lastKnownFileType = sourcecode.swift; name = DefaultButton.swift; path = "voice-pick-frontend/component/buttons/DefaultButton.swift"; sourceTree = SOURCE_ROOT; };
		8D1A2DE129966A42007062CE /* Font+Extension.swift */ = {isa = PBXFileReference; lastKnownFileType = sourcecode.swift; path = "Font+Extension.swift"; sourceTree = "<group>"; };
		8D203A29299E2E9C00D768BA /* PluckListDisplay.swift */ = {isa = PBXFileReference; lastKnownFileType = sourcecode.swift; path = PluckListDisplay.swift; sourceTree = "<group>"; };
		8D203A3529A39DE300D768BA /* PluckFinish.swift */ = {isa = PBXFileReference; lastKnownFileType = sourcecode.swift; path = PluckFinish.swift; sourceTree = "<group>"; };
		8D46B25D29C340A000F3E9EB /* CargoCarrier.swift */ = {isa = PBXFileReference; lastKnownFileType = sourcecode.swift; path = CargoCarrier.swift; sourceTree = "<group>"; };
		8D4A8154299D18B300B9A715 /* Footer.swift */ = {isa = PBXFileReference; lastKnownFileType = sourcecode.swift; path = Footer.swift; sourceTree = "<group>"; };
		8D5AEBF629C46D5E0030FAF5 /* PluckService.swift */ = {isa = PBXFileReference; lastKnownFileType = sourcecode.swift; path = PluckService.swift; sourceTree = "<group>"; };
		8D67F8EB299E240A001DB87C /* TabBar.swift */ = {isa = PBXFileReference; lastKnownFileType = sourcecode.swift; path = TabBar.swift; sourceTree = "<group>"; };
		8D77C3B729E5386300C36D11 /* Voice.swift */ = {isa = PBXFileReference; lastKnownFileType = sourcecode.swift; name = Voice.swift; path = "voice-pick-frontend/feature/voice/Voice.swift"; sourceTree = SOURCE_ROOT; };
		8D77C3B929E5390000C36D11 /* TTSService.swift */ = {isa = PBXFileReference; lastKnownFileType = sourcecode.swift; path = TTSService.swift; sourceTree = "<group>"; };
		8D77C3BB29E6984B00C36D11 /* PluckCardDetail.swift */ = {isa = PBXFileReference; lastKnownFileType = sourcecode.swift; path = PluckCardDetail.swift; sourceTree = "<group>"; };
		8D921C5A29A673610015800D /* ButtonRandomizer.swift */ = {isa = PBXFileReference; lastKnownFileType = sourcecode.swift; path = ButtonRandomizer.swift; sourceTree = "<group>"; };
		8D9FB4DE29FA6AFD0016EB97 /* UpdateLocationPage.swift */ = {isa = PBXFileReference; lastKnownFileType = sourcecode.swift; path = UpdateLocationPage.swift; sourceTree = "<group>"; };
		8DAB093329968296005A61C0 /* Styles+Extensions.swift */ = {isa = PBXFileReference; lastKnownFileType = sourcecode.swift; path = "Styles+Extensions.swift"; sourceTree = "<group>"; };
		8DB45FF629D6D32D0057BCDB /* VerificationPage.swift */ = {isa = PBXFileReference; fileEncoding = 4; lastKnownFileType = sourcecode.swift; path = VerificationPage.swift; sourceTree = "<group>"; };
		8DB727AB29CDA78F009CA150 /* User.swift */ = {isa = PBXFileReference; lastKnownFileType = sourcecode.swift; path = User.swift; sourceTree = "<group>"; };
		8DBAB8FA29CB01DC0073B134 /* PluckListLocation.swift */ = {isa = PBXFileReference; lastKnownFileType = sourcecode.swift; path = PluckListLocation.swift; sourceTree = "<group>"; };
		8DE0979529D3211300F3FC5C /* Info.plist */ = {isa = PBXFileReference; lastKnownFileType = text.plist; path = Info.plist; sourceTree = "<group>"; };
		8DFBEB8F29F7EDBA00D8E2D1 /* ProductDto.swift */ = {isa = PBXFileReference; lastKnownFileType = sourcecode.swift; path = ProductDto.swift; sourceTree = "<group>"; };
		E80E99642A039BBF00F2D8CD /* CustomProgressView.swift */ = {isa = PBXFileReference; lastKnownFileType = sourcecode.swift; path = CustomProgressView.swift; sourceTree = "<group>"; };
		E80E99662A03CE4C00F2D8CD /* ProfilePictureView.swift */ = {isa = PBXFileReference; lastKnownFileType = sourcecode.swift; path = ProfilePictureView.swift; sourceTree = "<group>"; };
		E80E996A2A03DDEF00F2D8CD /* BannerModifier.swift */ = {isa = PBXFileReference; fileEncoding = 4; lastKnownFileType = sourcecode.swift; path = BannerModifier.swift; sourceTree = "<group>"; };
		E80E996C2A03DE0700F2D8CD /* ImagePicker.swift */ = {isa = PBXFileReference; fileEncoding = 4; lastKnownFileType = sourcecode.swift; path = ImagePicker.swift; sourceTree = "<group>"; };
		E80E996D2A03DE0700F2D8CD /* CustomDisclosureGroup.swift */ = {isa = PBXFileReference; fileEncoding = 4; lastKnownFileType = sourcecode.swift; path = CustomDisclosureGroup.swift; sourceTree = "<group>"; };
		E80E99702A03E5E600F2D8CD /* ProfilePictureDto.swift */ = {isa = PBXFileReference; lastKnownFileType = sourcecode.swift; path = ProfilePictureDto.swift; sourceTree = "<group>"; };
		E8236EA529FA4B6300447F34 /* EmployeesPage.swift */ = {isa = PBXFileReference; lastKnownFileType = sourcecode.swift; path = EmployeesPage.swift; sourceTree = "<group>"; };
		E8236EA729FA4B7D00447F34 /* AddEmployeePage.swift */ = {isa = PBXFileReference; lastKnownFileType = sourcecode.swift; path = AddEmployeePage.swift; sourceTree = "<group>"; };
		E8236EA929FA5A7100447F34 /* DetailedEmployeePage.swift */ = {isa = PBXFileReference; lastKnownFileType = sourcecode.swift; path = DetailedEmployeePage.swift; sourceTree = "<group>"; };
		E82B0AC429A0221400A5F1E2 /* Validator.swift */ = {isa = PBXFileReference; lastKnownFileType = sourcecode.swift; path = Validator.swift; sourceTree = "<group>"; };
		E83BD8872A01383F0044FAE2 /* RoleDto.swift */ = {isa = PBXFileReference; lastKnownFileType = sourcecode.swift; path = RoleDto.swift; sourceTree = "<group>"; };
		E83C9BC729B220BA000063E9 /* UserInfo.swift */ = {isa = PBXFileReference; lastKnownFileType = sourcecode.swift; path = UserInfo.swift; sourceTree = "<group>"; };
		E83C9BCE29B2267E000063E9 /* AuthMode.swift */ = {isa = PBXFileReference; lastKnownFileType = sourcecode.swift; path = AuthMode.swift; sourceTree = "<group>"; };
		E83C9BD229B22716000063E9 /* AuthForm.swift */ = {isa = PBXFileReference; lastKnownFileType = sourcecode.swift; path = AuthForm.swift; sourceTree = "<group>"; };
		E83E008A2A012340009ACC46 /* UpdateLocationPage.swift */ = {isa = PBXFileReference; fileEncoding = 4; lastKnownFileType = sourcecode.swift; name = UpdateLocationPage.swift; path = "voice-pick-frontend/feature/warehouseConfiguration/pages/UpdateLocationPage.swift"; sourceTree = SOURCE_ROOT; };
		E845942A29E94B9A00DFE048 /* SetupWarehouse.swift */ = {isa = PBXFileReference; lastKnownFileType = sourcecode.swift; path = SetupWarehouse.swift; sourceTree = "<group>"; };
		E845942D29E9698C00DFE048 /* AddWarehouseDto.swift */ = {isa = PBXFileReference; lastKnownFileType = sourcecode.swift; path = AddWarehouseDto.swift; sourceTree = "<group>"; };
		E85FF603299D125A000CB6A4 /* Roboto */ = {isa = PBXFileReference; lastKnownFileType = folder; path = Roboto; sourceTree = "<group>"; };
		E85FF605299D134A000CB6A4 /* Info.plist */ = {isa = PBXFileReference; lastKnownFileType = text.plist; path = Info.plist; sourceTree = "<group>"; };
		E8603B3B2996584000E09361 /* Trace VP.app */ = {isa = PBXFileReference; explicitFileType = wrapper.application; includeInIndex = 0; path = "Trace VP.app"; sourceTree = BUILT_PRODUCTS_DIR; };
		E8603B3E2996584000E09361 /* voice_pick_frontendApp.swift */ = {isa = PBXFileReference; lastKnownFileType = sourcecode.swift; path = voice_pick_frontendApp.swift; sourceTree = "<group>"; };
		E8603B402996584000E09361 /* ContentView.swift */ = {isa = PBXFileReference; lastKnownFileType = sourcecode.swift; path = ContentView.swift; sourceTree = "<group>"; };
		E8603B422996584100E09361 /* Assets.xcassets */ = {isa = PBXFileReference; lastKnownFileType = folder.assetcatalog; path = Assets.xcassets; sourceTree = "<group>"; };
		E8603B452996584100E09361 /* Preview Assets.xcassets */ = {isa = PBXFileReference; lastKnownFileType = folder.assetcatalog; path = "Preview Assets.xcassets"; sourceTree = "<group>"; };
		E8603B4B2996584100E09361 /* voice-pick-frontendTests.xctest */ = {isa = PBXFileReference; explicitFileType = wrapper.cfbundle; includeInIndex = 0; path = "voice-pick-frontendTests.xctest"; sourceTree = BUILT_PRODUCTS_DIR; };
		E8603B4F2996584100E09361 /* voice_pick_frontendTests.swift */ = {isa = PBXFileReference; lastKnownFileType = sourcecode.swift; path = voice_pick_frontendTests.swift; sourceTree = "<group>"; };
		E8603B552996584100E09361 /* voice-pick-frontendUITests.xctest */ = {isa = PBXFileReference; explicitFileType = wrapper.cfbundle; includeInIndex = 0; path = "voice-pick-frontendUITests.xctest"; sourceTree = BUILT_PRODUCTS_DIR; };
		E8603B592996584100E09361 /* voice_pick_frontendUITests.swift */ = {isa = PBXFileReference; lastKnownFileType = sourcecode.swift; path = voice_pick_frontendUITests.swift; sourceTree = "<group>"; };
		E8603B5B2996584100E09361 /* voice_pick_frontendUITestsLaunchTests.swift */ = {isa = PBXFileReference; lastKnownFileType = sourcecode.swift; path = voice_pick_frontendUITestsLaunchTests.swift; sourceTree = "<group>"; };
		E88A321729EFF8C60083B353 /* WarehouseDto.swift */ = {isa = PBXFileReference; lastKnownFileType = sourcecode.swift; path = WarehouseDto.swift; sourceTree = "<group>"; };
		E89E3C8D299D09C0007D77AD /* AuthPage.swift */ = {isa = PBXFileReference; lastKnownFileType = sourcecode.swift; path = AuthPage.swift; sourceTree = "<group>"; };
		E8A2432429C30EC1007D0F60 /* LoginResponse.swift */ = {isa = PBXFileReference; lastKnownFileType = sourcecode.swift; path = LoginResponse.swift; sourceTree = "<group>"; };
		E8A2432829C32CCF007D0F60 /* AuthenticationService.swift */ = {isa = PBXFileReference; lastKnownFileType = sourcecode.swift; path = AuthenticationService.swift; sourceTree = "<group>"; };
		E8A2432A29C35B54007D0F60 /* PasswordInput.swift */ = {isa = PBXFileReference; lastKnownFileType = sourcecode.swift; path = PasswordInput.swift; sourceTree = "<group>"; };
		E8B8179729967D8400962940 /* Color+Extensions.swift */ = {isa = PBXFileReference; lastKnownFileType = sourcecode.swift; path = "Color+Extensions.swift"; sourceTree = "<group>"; };
		E8D9DCE52A0421D0000B65FD /* RefreshTokenResponse.swift */ = {isa = PBXFileReference; lastKnownFileType = sourcecode.swift; path = RefreshTokenResponse.swift; sourceTree = "<group>"; };
		F60AD47F299CF683008A30F5 /* PluckLobby.swift */ = {isa = PBXFileReference; lastKnownFileType = sourcecode.swift; path = PluckLobby.swift; sourceTree = "<group>"; };
		F60AD481299CF70A008A30F5 /* Card.swift */ = {isa = PBXFileReference; lastKnownFileType = sourcecode.swift; path = Card.swift; sourceTree = "<group>"; };
		F60AD484299D0AD1008A30F5 /* Title.swift */ = {isa = PBXFileReference; lastKnownFileType = sourcecode.swift; path = Title.swift; sourceTree = "<group>"; };
		F60AD486299D0BDA008A30F5 /* SubTitle.swift */ = {isa = PBXFileReference; lastKnownFileType = sourcecode.swift; path = SubTitle.swift; sourceTree = "<group>"; };
		F60AD488299D1329008A30F5 /* Paragraph.swift */ = {isa = PBXFileReference; lastKnownFileType = sourcecode.swift; path = Paragraph.swift; sourceTree = "<group>"; };
		F60AD48E299E4752008A30F5 /* PluckInfo.swift */ = {isa = PBXFileReference; lastKnownFileType = sourcecode.swift; path = PluckInfo.swift; sourceTree = "<group>"; };
		F60AD490299E4D8C008A30F5 /* PluckPage.swift */ = {isa = PBXFileReference; lastKnownFileType = sourcecode.swift; path = PluckPage.swift; sourceTree = "<group>"; };
		F619709829C35F1D00927BDB /* DangerButton.swift */ = {isa = PBXFileReference; lastKnownFileType = sourcecode.swift; path = DangerButton.swift; sourceTree = "<group>"; };
		F619709A29C4981D00927BDB /* JustifiedContainer.swift */ = {isa = PBXFileReference; lastKnownFileType = sourcecode.swift; path = JustifiedContainer.swift; sourceTree = "<group>"; };
		F62D1AFB29EEBD95005ED754 /* VerifyRequestDto.swift */ = {isa = PBXFileReference; lastKnownFileType = sourcecode.swift; path = VerifyRequestDto.swift; sourceTree = "<group>"; };
		F62D377329F42ECB00455B80 /* UpdatePluckRequest.swift */ = {isa = PBXFileReference; lastKnownFileType = sourcecode.swift; path = UpdatePluckRequest.swift; sourceTree = "<group>"; };
		F62D377529F43C1C00455B80 /* UpdatePluckListRequest.swift */ = {isa = PBXFileReference; lastKnownFileType = sourcecode.swift; path = UpdatePluckListRequest.swift; sourceTree = "<group>"; };
		F640285029CD85B70023AE34 /* VoiceService.swift */ = {isa = PBXFileReference; lastKnownFileType = sourcecode.swift; path = VoiceService.swift; sourceTree = "<group>"; };
		F662F78029E1852800C7FAC0 /* TokenDto.swift */ = {isa = PBXFileReference; lastKnownFileType = sourcecode.swift; path = TokenDto.swift; sourceTree = "<group>"; };
		F67354A829AF57C700D7E601 /* PluckCard.swift */ = {isa = PBXFileReference; lastKnownFileType = sourcecode.swift; path = PluckCard.swift; sourceTree = "<group>"; };
		F67354AA29AF73E200D7E601 /* PluckComplete.swift */ = {isa = PBXFileReference; lastKnownFileType = sourcecode.swift; path = PluckComplete.swift; sourceTree = "<group>"; };
		F6754BF5299FAA91007CEDB5 /* AnyTransition.swift */ = {isa = PBXFileReference; lastKnownFileType = sourcecode.swift; path = AnyTransition.swift; sourceTree = "<group>"; };
		F6754BF7299FABF3007CEDB5 /* Pluck.swift */ = {isa = PBXFileReference; lastKnownFileType = sourcecode.swift; path = Pluck.swift; sourceTree = "<group>"; };
		F6754BFB299FBC0E007CEDB5 /* Product.swift */ = {isa = PBXFileReference; lastKnownFileType = sourcecode.swift; path = Product.swift; sourceTree = "<group>"; };
		F6754BFD299FBD08007CEDB5 /* PluckList.swift */ = {isa = PBXFileReference; lastKnownFileType = sourcecode.swift; path = PluckList.swift; sourceTree = "<group>"; };
		F6754C01299FCDF1007CEDB5 /* DefaultLabel.swift */ = {isa = PBXFileReference; lastKnownFileType = sourcecode.swift; path = DefaultLabel.swift; sourceTree = "<group>"; };
		F68A5B0729E6FD97004E4E9B /* AddProductPage.swift */ = {isa = PBXFileReference; lastKnownFileType = sourcecode.swift; path = AddProductPage.swift; sourceTree = "<group>"; };
		F68A5B0929E955CC004E4E9B /* UpdateProductPage.swift */ = {isa = PBXFileReference; lastKnownFileType = sourcecode.swift; path = UpdateProductPage.swift; sourceTree = "<group>"; };
		F68A5B0C29E976EB004E4E9B /* ProductField.swift */ = {isa = PBXFileReference; lastKnownFileType = sourcecode.swift; path = ProductField.swift; sourceTree = "<group>"; };
		F68A5B1129E9773A004E4E9B /* PalletInfoDto.swift */ = {isa = PBXFileReference; lastKnownFileType = sourcecode.swift; path = PalletInfoDto.swift; sourceTree = "<group>"; };
		F68A5B1329E97751004E4E9B /* SaveProductDto.swift */ = {isa = PBXFileReference; lastKnownFileType = sourcecode.swift; path = SaveProductDto.swift; sourceTree = "<group>"; };
		F68A5B1529E977FB004E4E9B /* EditableLabelInput.swift */ = {isa = PBXFileReference; lastKnownFileType = sourcecode.swift; path = EditableLabelInput.swift; sourceTree = "<group>"; };
		F68E429C29FD644B008E277E /* VoiceChatPage.swift */ = {isa = PBXFileReference; lastKnownFileType = sourcecode.swift; path = VoiceChatPage.swift; sourceTree = "<group>"; };
		F68E42A229FD9421008E277E /* VoiceLog.swift */ = {isa = PBXFileReference; lastKnownFileType = sourcecode.swift; path = VoiceLog.swift; sourceTree = "<group>"; };
		F68E42A429FD9458008E277E /* LogMessage.swift */ = {isa = PBXFileReference; lastKnownFileType = sourcecode.swift; name = LogMessage.swift; path = "voice-pick-frontend/feature/voice/services/LogMessage.swift"; sourceTree = SOURCE_ROOT; };
		F69765BD29E6D7E700C697B8 /* WarehouseConfigurationPage.swift */ = {isa = PBXFileReference; lastKnownFileType = sourcecode.swift; path = WarehouseConfigurationPage.swift; sourceTree = "<group>"; };
		F69765C029E6E97800C697B8 /* ProductPage.swift */ = {isa = PBXFileReference; lastKnownFileType = sourcecode.swift; path = ProductPage.swift; sourceTree = "<group>"; };
		F6ACE70929B090EC004AC10B /* RequestService.swift */ = {isa = PBXFileReference; lastKnownFileType = sourcecode.swift; path = RequestService.swift; sourceTree = "<group>"; };
		F6ACE70B29B0AA47004AC10B /* Location.swift */ = {isa = PBXFileReference; lastKnownFileType = sourcecode.swift; path = Location.swift; sourceTree = "<group>"; };
		F6ACE71929B1FFCF004AC10B /* PluckPages.swift */ = {isa = PBXFileReference; lastKnownFileType = sourcecode.swift; path = PluckPages.swift; sourceTree = "<group>"; };
		F6BD930829F9A51300D04542 /* ChangePasswordPage.swift */ = {isa = PBXFileReference; lastKnownFileType = sourcecode.swift; path = ChangePasswordPage.swift; sourceTree = "<group>"; };
		F6BD930A29F9B93000D04542 /* ChangePasswordRequest.swift */ = {isa = PBXFileReference; lastKnownFileType = sourcecode.swift; path = ChangePasswordRequest.swift; sourceTree = "<group>"; };
		F6E9BE382996860E00DFD5EF /* README.md */ = {isa = PBXFileReference; lastKnownFileType = net.daringfireball.markdown; path = README.md; sourceTree = "<group>"; };
		F6F2E78029D1970E00E56A11 /* TokenRequest.swift */ = {isa = PBXFileReference; lastKnownFileType = sourcecode.swift; path = TokenRequest.swift; sourceTree = "<group>"; };
/* End PBXFileReference section */

/* Begin PBXFrameworksBuildPhase section */
		E8603B382996584000E09361 /* Frameworks */ = {
			isa = PBXFrameworksBuildPhase;
			buildActionMask = 2147483647;
			files = (
				F60FFA4329E54DB900DB4879 /* CodeScanner in Frameworks */,
				8DA673742A0301D10040FDEF /* SwiftClockUI in Frameworks */,
				E8F8886729C30C8D007B77E4 /* KeychainSwift in Frameworks */,
			);
			runOnlyForDeploymentPostprocessing = 0;
		};
		E8603B482996584100E09361 /* Frameworks */ = {
			isa = PBXFrameworksBuildPhase;
			buildActionMask = 2147483647;
			files = (
			);
			runOnlyForDeploymentPostprocessing = 0;
		};
		E8603B522996584100E09361 /* Frameworks */ = {
			isa = PBXFrameworksBuildPhase;
			buildActionMask = 2147483647;
			files = (
			);
			runOnlyForDeploymentPostprocessing = 0;
		};
/* End PBXFrameworksBuildPhase section */

/* Begin PBXGroup section */
		8D1A2DE029966A1F007062CE /* Extensions */ = {
			isa = PBXGroup;
			children = (
				8D1A2DE129966A42007062CE /* Font+Extension.swift */,
				E8B8179729967D8400962940 /* Color+Extensions.swift */,
				8DAB093329968296005A61C0 /* Styles+Extensions.swift */,
				F6754BF5299FAA91007CEDB5 /* AnyTransition.swift */,
			);
			path = Extensions;
			sourceTree = "<group>";
		};
		8D5AEBF529C46D430030FAF5 /* services */ = {
			isa = PBXGroup;
			children = (
				8D5AEBF629C46D5E0030FAF5 /* PluckService.swift */,
			);
			path = services;
			sourceTree = "<group>";
		};
		8D67F8EA299E23D0001DB87C /* layout */ = {
			isa = PBXGroup;
			children = (
				8D4A8154299D18B300B9A715 /* Footer.swift */,
				8D67F8EB299E240A001DB87C /* TabBar.swift */,
				23BCAE31299F75A70038C0D7 /* Header.swift */,
			);
			path = layout;
			sourceTree = "<group>";
		};
		8D77C3B629E5381D00C36D11 /* models */ = {
			isa = PBXGroup;
			children = (
				8D77C3B729E5386300C36D11 /* Voice.swift */,
				F68E42A429FD9458008E277E /* LogMessage.swift */,
			);
			path = models;
			sourceTree = "<group>";
		};
		8DBE5F3129B9C3DC00349630 /* voice */ = {
			isa = PBXGroup;
			children = (
				8D77C3B629E5381D00C36D11 /* models */,
				F640285229CD88A80023AE34 /* services */,
			);
			path = voice;
			sourceTree = "<group>";
		};
		C4E9B80636C892C8A45C72F2 /* Pods */ = {
			isa = PBXGroup;
			children = (
			);
			path = Pods;
			sourceTree = "<group>";
		};
		E82B0AC329A021FB00A5F1E2 /* util */ = {
			isa = PBXGroup;
			children = (
				E82B0AC429A0221400A5F1E2 /* Validator.swift */,
			);
			path = util;
			sourceTree = "<group>";
		};
		E83C9BC429B20525000063E9 /* dto */ = {
			isa = PBXGroup;
			children = (
				F6F2E78029D1970E00E56A11 /* TokenRequest.swift */,
				E8A2432429C30EC1007D0F60 /* LoginResponse.swift */,
				E83C9BC729B220BA000063E9 /* UserInfo.swift */,
				F662F78029E1852800C7FAC0 /* TokenDto.swift */,
				F62D1AFB29EEBD95005ED754 /* VerifyRequestDto.swift */,
				F6BD930A29F9B93000D04542 /* ChangePasswordRequest.swift */,
				E83BD8872A01383F0044FAE2 /* RoleDto.swift */,
				E8D9DCE52A0421D0000B65FD /* RefreshTokenResponse.swift */,
			);
			path = dto;
			sourceTree = "<group>";
		};
		E83C9BCD29B22672000063E9 /* models */ = {
			isa = PBXGroup;
			children = (
				E83C9BCE29B2267E000063E9 /* AuthMode.swift */,
			);
			path = models;
			sourceTree = "<group>";
		};
		E83C9BD129B226CE000063E9 /* components */ = {
			isa = PBXGroup;
			children = (
				E83C9BD229B22716000063E9 /* AuthForm.swift */,
				E8A2432A29C35B54007D0F60 /* PasswordInput.swift */,
			);
			path = components;
			sourceTree = "<group>";
		};
		E83E00892A01227C009ACC46 /* Recovered References */ = {
			isa = PBXGroup;
			children = (
				8D9FB4DE29FA6AFD0016EB97 /* UpdateLocationPage.swift */,
			);
			name = "Recovered References";
			sourceTree = "<group>";
		};
		E845942C29E9696A00DFE048 /* dto */ = {
			isa = PBXGroup;
			children = (
				E845942D29E9698C00DFE048 /* AddWarehouseDto.swift */,
				E88A321729EFF8C60083B353 /* WarehouseDto.swift */,
				E80E99702A03E5E600F2D8CD /* ProfilePictureDto.swift */,
			);
			path = dto;
			sourceTree = "<group>";
		};
		E85FF602299D121B000CB6A4 /* fonts */ = {
			isa = PBXGroup;
			children = (
				E85FF603299D125A000CB6A4 /* Roboto */,
			);
			path = fonts;
			sourceTree = "<group>";
		};
		E8603B322996584000E09361 = {
			isa = PBXGroup;
			children = (
				F6E9BE382996860E00DFD5EF /* README.md */,
				E8603B3D2996584000E09361 /* voice-pick-frontend */,
				E8603B4E2996584100E09361 /* voice-pick-frontendTests */,
				E8603B582996584100E09361 /* voice-pick-frontendUITests */,
				E8603B3C2996584000E09361 /* Products */,
				C4E9B80636C892C8A45C72F2 /* Pods */,
				E83E00892A01227C009ACC46 /* Recovered References */,
			);
			sourceTree = "<group>";
		};
		E8603B3C2996584000E09361 /* Products */ = {
			isa = PBXGroup;
			children = (
				E8603B3B2996584000E09361 /* Trace VP.app */,
				E8603B4B2996584100E09361 /* voice-pick-frontendTests.xctest */,
				E8603B552996584100E09361 /* voice-pick-frontendUITests.xctest */,
			);
			name = Products;
			sourceTree = "<group>";
		};
		E8603B3D2996584000E09361 /* voice-pick-frontend */ = {
			isa = PBXGroup;
			children = (
				E845942C29E9696A00DFE048 /* dto */,
				8D67F8EA299E23D0001DB87C /* layout */,
				E82B0AC329A021FB00A5F1E2 /* util */,
				E85FF605299D134A000CB6A4 /* Info.plist */,
				E85FF602299D121B000CB6A4 /* fonts */,
				F6E9BE432996871600DFD5EF /* library */,
				F6E9BE40299686D000DFD5EF /* model */,
				F6E9BE42299686E500DFD5EF /* component */,
				F6E9BE41299686D500DFD5EF /* service */,
				F6E9BE3F299686CA00DFD5EF /* page */,
				F6E9BE3C299686B200DFD5EF /* feature */,
				E8603B3E2996584000E09361 /* voice_pick_frontendApp.swift */,
				E8603B402996584000E09361 /* ContentView.swift */,
				E8603B422996584100E09361 /* Assets.xcassets */,
				8D1A2DE029966A1F007062CE /* Extensions */,
				E8603B442996584100E09361 /* Preview Content */,
			);
			path = "voice-pick-frontend";
			sourceTree = "<group>";
		};
		E8603B442996584100E09361 /* Preview Content */ = {
			isa = PBXGroup;
			children = (
				E8603B452996584100E09361 /* Preview Assets.xcassets */,
			);
			path = "Preview Content";
			sourceTree = "<group>";
		};
		E8603B4E2996584100E09361 /* voice-pick-frontendTests */ = {
			isa = PBXGroup;
			children = (
				8DE0979529D3211300F3FC5C /* Info.plist */,
				E8603B4F2996584100E09361 /* voice_pick_frontendTests.swift */,
			);
			path = "voice-pick-frontendTests";
			sourceTree = "<group>";
		};
		E8603B582996584100E09361 /* voice-pick-frontendUITests */ = {
			isa = PBXGroup;
			children = (
				E8603B592996584100E09361 /* voice_pick_frontendUITests.swift */,
				E8603B5B2996584100E09361 /* voice_pick_frontendUITestsLaunchTests.swift */,
			);
			path = "voice-pick-frontendUITests";
			sourceTree = "<group>";
		};
		F60AD483299D0ABD008A30F5 /* typography */ = {
			isa = PBXGroup;
			children = (
				F60AD484299D0AD1008A30F5 /* Title.swift */,
				F60AD486299D0BDA008A30F5 /* SubTitle.swift */,
				F60AD488299D1329008A30F5 /* Paragraph.swift */,
				F6754C01299FCDF1007CEDB5 /* DefaultLabel.swift */,
			);
			path = typography;
			sourceTree = "<group>";
		};
		F62D377229F42EB700455B80 /* dtos */ = {
			isa = PBXGroup;
			children = (
				F62D377329F42ECB00455B80 /* UpdatePluckRequest.swift */,
				234783732A013EAB0066EDF8 /* LocationPluckListResponse.swift */,
				F62D377529F43C1C00455B80 /* UpdatePluckListRequest.swift */,
			);
			path = dtos;
			sourceTree = "<group>";
		};
		F640285229CD88A80023AE34 /* services */ = {
			isa = PBXGroup;
			children = (
				F640285029CD85B70023AE34 /* VoiceService.swift */,
				8D77C3B929E5390000C36D11 /* TTSService.swift */,
				F68E42A229FD9421008E277E /* VoiceLog.swift */,
			);
			path = services;
			sourceTree = "<group>";
		};
		F67354A729AF504A00D7E601 /* pages */ = {
			isa = PBXGroup;
			children = (
				F60AD47F299CF683008A30F5 /* PluckLobby.swift */,
				8D203A29299E2E9C00D768BA /* PluckListDisplay.swift */,
				F60AD48E299E4752008A30F5 /* PluckInfo.swift */,
				8D203A3529A39DE300D768BA /* PluckFinish.swift */,
				F67354AA29AF73E200D7E601 /* PluckComplete.swift */,
			);
			path = pages;
			sourceTree = "<group>";
		};
		F68A5B0B29E976CD004E4E9B /* components */ = {
			isa = PBXGroup;
			children = (
				F68A5B0C29E976EB004E4E9B /* ProductField.swift */,
				F68A5B1529E977FB004E4E9B /* EditableLabelInput.swift */,
			);
			path = components;
			sourceTree = "<group>";
		};
		F68A5B0E29E97718004E4E9B /* dtos */ = {
			isa = PBXGroup;
			children = (
				F68A5B1129E9773A004E4E9B /* PalletInfoDto.swift */,
				F68A5B1329E97751004E4E9B /* SaveProductDto.swift */,
				8DFBEB8F29F7EDBA00D8E2D1 /* ProductDto.swift */,
			);
			path = dtos;
			sourceTree = "<group>";
		};
		F68E42A62A03C3B2008E277E /* buttons */ = {
			isa = PBXGroup;
			children = (
				F619709829C35F1D00927BDB /* DangerButton.swift */,
				23D9B9E8299A7C9600AA46EC /* DefaultButton.swift */,
			);
			path = buttons;
			sourceTree = "<group>";
		};
		F68E42A72A03C3C5008E277E /* inputs */ = {
			isa = PBXGroup;
			children = (
				E80E996D2A03DE0700F2D8CD /* CustomDisclosureGroup.swift */,
				E80E996C2A03DE0700F2D8CD /* ImagePicker.swift */,
				2386BC1D299BE80F00916B5C /* DefaultInput.swift */,
			);
			path = inputs;
			sourceTree = "<group>";
		};
		F68E42A82A03C3E8008E277E /* containers */ = {
			isa = PBXGroup;
			children = (
				F619709A29C4981D00927BDB /* JustifiedContainer.swift */,
				F60AD481299CF70A008A30F5 /* Card.swift */,
			);
			path = containers;
			sourceTree = "<group>";
		};
		F68E42A92A03C3F1008E277E /* popups */ = {
			isa = PBXGroup;
			children = (
				E80E99642A039BBF00F2D8CD /* CustomProgressView.swift */,
				E80E996A2A03DDEF00F2D8CD /* BannerModifier.swift */,
			);
			path = popups;
			sourceTree = "<group>";
		};
		F69765BB29E6D7D000C697B8 /* warehouseConfiguration */ = {
			isa = PBXGroup;
			children = (
				F68A5B0E29E97718004E4E9B /* dtos */,
				F68A5B0B29E976CD004E4E9B /* components */,
				F69765BF29E6DAFD00C697B8 /* models */,
				F69765BC29E6D7D800C697B8 /* pages */,
			);
			path = warehouseConfiguration;
			sourceTree = "<group>";
		};
		F69765BC29E6D7D800C697B8 /* pages */ = {
			isa = PBXGroup;
			children = (
				F69765BD29E6D7E700C697B8 /* WarehouseConfigurationPage.swift */,
				F69765C029E6E97800C697B8 /* ProductPage.swift */,
				F68A5B0729E6FD97004E4E9B /* AddProductPage.swift */,
				F68A5B0929E955CC004E4E9B /* UpdateProductPage.swift */,
				236309DD29F3D4D700F09BF9 /* AddLocationPage.swift */,
				E83E008A2A012340009ACC46 /* UpdateLocationPage.swift */,
				236309DF29F3D4FE00F09BF9 /* LocationPage.swift */,
				E8236EA529FA4B6300447F34 /* EmployeesPage.swift */,
				E8236EA729FA4B7D00447F34 /* AddEmployeePage.swift */,
				E8236EA929FA5A7100447F34 /* DetailedEmployeePage.swift */,
			);
			path = pages;
			sourceTree = "<group>";
		};
		F69765BF29E6DAFD00C697B8 /* models */ = {
			isa = PBXGroup;
			children = (
			);
			path = models;
			sourceTree = "<group>";
		};
		F6E9BE3C299686B200DFD5EF /* feature */ = {
			isa = PBXGroup;
			children = (
				F69765BB29E6D7D000C697B8 /* warehouseConfiguration */,
				8DBE5F3129B9C3DC00349630 /* voice */,
				F6E9BE442996873A00DFD5EF /* authentication */,
				F6E9BE482996875E00DFD5EF /* pluck */,
			);
			path = feature;
			sourceTree = "<group>";
		};
		F6E9BE3F299686CA00DFD5EF /* page */ = {
			isa = PBXGroup;
			children = (
				23BCAE2F299F70D70038C0D7 /* AccountPage.swift */,
				E89E3C8D299D09C0007D77AD /* AuthPage.swift */,
				8DB45FF629D6D32D0057BCDB /* VerificationPage.swift */,
				F60AD490299E4D8C008A30F5 /* PluckPage.swift */,
				E845942A29E94B9A00DFE048 /* SetupWarehouse.swift */,
				F6BD930829F9A51300D04542 /* ChangePasswordPage.swift */,
				F68E429C29FD644B008E277E /* VoiceChatPage.swift */,
			);
			path = page;
			sourceTree = "<group>";
		};
		F6E9BE40299686D000DFD5EF /* model */ = {
			isa = PBXGroup;
			children = (
				F6754BFB299FBC0E007CEDB5 /* Product.swift */,
				F6ACE70B29B0AA47004AC10B /* Location.swift */,
				8DB727AB29CDA78F009CA150 /* User.swift */,
			);
			path = model;
			sourceTree = "<group>";
		};
		F6E9BE41299686D500DFD5EF /* service */ = {
			isa = PBXGroup;
			children = (
				F6ACE70929B090EC004AC10B /* RequestService.swift */,
			);
			path = service;
			sourceTree = "<group>";
		};
		F6E9BE42299686E500DFD5EF /* component */ = {
			isa = PBXGroup;
			children = (
				F68E42A92A03C3F1008E277E /* popups */,
				F68E42A82A03C3E8008E277E /* containers */,
				F68E42A72A03C3C5008E277E /* inputs */,
				F68E42A62A03C3B2008E277E /* buttons */,
				F60AD483299D0ABD008A30F5 /* typography */,
				E80E99662A03CE4C00F2D8CD /* ProfilePictureView.swift */,
			);
			path = component;
			sourceTree = "<group>";
		};
		F6E9BE432996871600DFD5EF /* library */ = {
			isa = PBXGroup;
			children = (
			);
			path = library;
			sourceTree = "<group>";
		};
		F6E9BE442996873A00DFD5EF /* authentication */ = {
			isa = PBXGroup;
			children = (
				E83C9BD129B226CE000063E9 /* components */,
				E83C9BCD29B22672000063E9 /* models */,
				E83C9BC429B20525000063E9 /* dto */,
				F6E9BE472996874C00DFD5EF /* services */,
			);
			path = authentication;
			sourceTree = "<group>";
		};
		F6E9BE472996874C00DFD5EF /* services */ = {
			isa = PBXGroup;
			children = (
				E8A2432829C32CCF007D0F60 /* AuthenticationService.swift */,
			);
			path = services;
			sourceTree = "<group>";
		};
		F6E9BE482996875E00DFD5EF /* pluck */ = {
			isa = PBXGroup;
			children = (
				F62D377229F42EB700455B80 /* dtos */,
				8D5AEBF529C46D430030FAF5 /* services */,
				F67354A729AF504A00D7E601 /* pages */,
				F6E9BE4C2996879500DFD5EF /* components */,
				F6E9BE4B2996879100DFD5EF /* models */,
			);
			path = pluck;
			sourceTree = "<group>";
		};
		F6E9BE4B2996879100DFD5EF /* models */ = {
			isa = PBXGroup;
			children = (
				F6754BF7299FABF3007CEDB5 /* Pluck.swift */,
				F6754BFD299FBD08007CEDB5 /* PluckList.swift */,
				F6ACE71929B1FFCF004AC10B /* PluckPages.swift */,
				8D46B25D29C340A000F3E9EB /* CargoCarrier.swift */,
				8DBAB8FA29CB01DC0073B134 /* PluckListLocation.swift */,
			);
			path = models;
			sourceTree = "<group>";
		};
		F6E9BE4C2996879500DFD5EF /* components */ = {
			isa = PBXGroup;
			children = (
				23BCAE35299FA4D00038C0D7 /* CargoType.swift */,
				8D921C5A29A673610015800D /* ButtonRandomizer.swift */,
				F67354A829AF57C700D7E601 /* PluckCard.swift */,
				8D77C3BB29E6984B00C36D11 /* PluckCardDetail.swift */,
			);
			path = components;
			sourceTree = "<group>";
		};
/* End PBXGroup section */

/* Begin PBXNativeTarget section */
		E8603B3A2996584000E09361 /* voice-pick-frontend */ = {
			isa = PBXNativeTarget;
			buildConfigurationList = E8603B5F2996584100E09361 /* Build configuration list for PBXNativeTarget "voice-pick-frontend" */;
			buildPhases = (
				E8603B372996584000E09361 /* Sources */,
				E8603B382996584000E09361 /* Frameworks */,
				E8603B392996584000E09361 /* Resources */,
			);
			buildRules = (
			);
			dependencies = (
			);
			name = "voice-pick-frontend";
			packageProductDependencies = (
				E8F8886629C30C8D007B77E4 /* KeychainSwift */,
				F60FFA4229E54DB900DB4879 /* CodeScanner */,
				8DA673732A0301D10040FDEF /* SwiftClockUI */,
			);
			productName = "voice-pick-frontend";
			productReference = E8603B3B2996584000E09361 /* Trace VP.app */;
			productType = "com.apple.product-type.application";
		};
		E8603B4A2996584100E09361 /* voice-pick-frontendTests */ = {
			isa = PBXNativeTarget;
			buildConfigurationList = E8603B622996584100E09361 /* Build configuration list for PBXNativeTarget "voice-pick-frontendTests" */;
			buildPhases = (
				E8603B472996584100E09361 /* Sources */,
				E8603B482996584100E09361 /* Frameworks */,
				E8603B492996584100E09361 /* Resources */,
			);
			buildRules = (
			);
			dependencies = (
				E8603B4D2996584100E09361 /* PBXTargetDependency */,
			);
			name = "voice-pick-frontendTests";
			productName = "voice-pick-frontendTests";
			productReference = E8603B4B2996584100E09361 /* voice-pick-frontendTests.xctest */;
			productType = "com.apple.product-type.bundle.unit-test";
		};
		E8603B542996584100E09361 /* voice-pick-frontendUITests */ = {
			isa = PBXNativeTarget;
			buildConfigurationList = E8603B652996584100E09361 /* Build configuration list for PBXNativeTarget "voice-pick-frontendUITests" */;
			buildPhases = (
				E8603B512996584100E09361 /* Sources */,
				E8603B522996584100E09361 /* Frameworks */,
				E8603B532996584100E09361 /* Resources */,
			);
			buildRules = (
			);
			dependencies = (
				E8603B572996584100E09361 /* PBXTargetDependency */,
			);
			name = "voice-pick-frontendUITests";
			productName = "voice-pick-frontendUITests";
			productReference = E8603B552996584100E09361 /* voice-pick-frontendUITests.xctest */;
			productType = "com.apple.product-type.bundle.ui-testing";
		};
/* End PBXNativeTarget section */

/* Begin PBXProject section */
		E8603B332996584000E09361 /* Project object */ = {
			isa = PBXProject;
			attributes = {
				BuildIndependentTargetsInParallel = 1;
				LastSwiftUpdateCheck = 1400;
				LastUpgradeCheck = 1400;
				TargetAttributes = {
					E8603B3A2996584000E09361 = {
						CreatedOnToolsVersion = 14.0;
					};
					E8603B4A2996584100E09361 = {
						CreatedOnToolsVersion = 14.0;
						TestTargetID = E8603B3A2996584000E09361;
					};
					E8603B542996584100E09361 = {
						CreatedOnToolsVersion = 14.0;
						TestTargetID = E8603B3A2996584000E09361;
					};
				};
			};
			buildConfigurationList = E8603B362996584000E09361 /* Build configuration list for PBXProject "voice-pick-frontend" */;
			compatibilityVersion = "Xcode 14.0";
			developmentRegion = en;
			hasScannedForEncodings = 0;
			knownRegions = (
				en,
				Base,
			);
			mainGroup = E8603B322996584000E09361;
			packageReferences = (
				E8F8886529C30C8D007B77E4 /* XCRemoteSwiftPackageReference "keychain-swift" */,
				F60FFA4129E54DB900DB4879 /* XCRemoteSwiftPackageReference "CodeScanner" */,
				8DA673722A0301D10040FDEF /* XCRemoteSwiftPackageReference "SwiftClockUI" */,
			);
			productRefGroup = E8603B3C2996584000E09361 /* Products */;
			projectDirPath = "";
			projectRoot = "";
			targets = (
				E8603B3A2996584000E09361 /* voice-pick-frontend */,
				E8603B4A2996584100E09361 /* voice-pick-frontendTests */,
				E8603B542996584100E09361 /* voice-pick-frontendUITests */,
			);
		};
/* End PBXProject section */

/* Begin PBXResourcesBuildPhase section */
		E8603B392996584000E09361 /* Resources */ = {
			isa = PBXResourcesBuildPhase;
			buildActionMask = 2147483647;
			files = (
				E8603B462996584100E09361 /* Preview Assets.xcassets in Resources */,
				E8603B432996584100E09361 /* Assets.xcassets in Resources */,
				E85FF604299D125A000CB6A4 /* Roboto in Resources */,
			);
			runOnlyForDeploymentPostprocessing = 0;
		};
		E8603B492996584100E09361 /* Resources */ = {
			isa = PBXResourcesBuildPhase;
			buildActionMask = 2147483647;
			files = (
			);
			runOnlyForDeploymentPostprocessing = 0;
		};
		E8603B532996584100E09361 /* Resources */ = {
			isa = PBXResourcesBuildPhase;
			buildActionMask = 2147483647;
			files = (
			);
			runOnlyForDeploymentPostprocessing = 0;
		};
/* End PBXResourcesBuildPhase section */

/* Begin PBXSourcesBuildPhase section */
		E8603B372996584000E09361 /* Sources */ = {
			isa = PBXSourcesBuildPhase;
			buildActionMask = 2147483647;
			files = (
				23BCAE32299F75A70038C0D7 /* Header.swift in Sources */,
				F662F78129E1852800C7FAC0 /* TokenDto.swift in Sources */,
				F60AD489299D1329008A30F5 /* Paragraph.swift in Sources */,
				F68A5B1229E9773A004E4E9B /* PalletInfoDto.swift in Sources */,
				F67354AB29AF73E200D7E601 /* PluckComplete.swift in Sources */,
				E88A321829EFF8C60083B353 /* WarehouseDto.swift in Sources */,
				F60AD485299D0AD1008A30F5 /* Title.swift in Sources */,
				8D77C3BC29E6984B00C36D11 /* PluckCardDetail.swift in Sources */,
				E8236EA629FA4B6300447F34 /* EmployeesPage.swift in Sources */,
				E89E3C8E299D09C0007D77AD /* AuthPage.swift in Sources */,
				8D203A2A299E2E9C00D768BA /* PluckListDisplay.swift in Sources */,
				23BCAE36299FA4D00038C0D7 /* CargoType.swift in Sources */,
				F6ACE71A29B1FFCF004AC10B /* PluckPages.swift in Sources */,
				F69765BE29E6D7E700C697B8 /* WarehouseConfigurationPage.swift in Sources */,
				E83E008B2A012340009ACC46 /* UpdateLocationPage.swift in Sources */,
				23D9B9E9299A7C9600AA46EC /* DefaultButton.swift in Sources */,
				F68A5B0829E6FD97004E4E9B /* AddProductPage.swift in Sources */,
				8DBAB8FB29CB01DC0073B134 /* PluckListLocation.swift in Sources */,
				8DFBEB9029F7EDBA00D8E2D1 /* ProductDto.swift in Sources */,
				F6BD930B29F9B93000D04542 /* ChangePasswordRequest.swift in Sources */,
				E8A2432B29C35B54007D0F60 /* PasswordInput.swift in Sources */,
				8D203A3629A39DE300D768BA /* PluckFinish.swift in Sources */,
				F68E42A529FD9458008E277E /* LogMessage.swift in Sources */,
				F67354A929AF57C700D7E601 /* PluckCard.swift in Sources */,
				E8880CA629C4E7EC00FE91C8 /* PluckService.swift in Sources */,
				F6754BFE299FBD08007CEDB5 /* PluckList.swift in Sources */,
				E845942E29E9698C00DFE048 /* AddWarehouseDto.swift in Sources */,
				F60AD482299CF70B008A30F5 /* Card.swift in Sources */,
				E80E996E2A03DE0700F2D8CD /* ImagePicker.swift in Sources */,
				E80E99672A03CE4C00F2D8CD /* ProfilePictureView.swift in Sources */,
				F68A5B0A29E955CC004E4E9B /* UpdateProductPage.swift in Sources */,
				F60AD487299D0BDA008A30F5 /* SubTitle.swift in Sources */,
				8D77C3B829E5386300C36D11 /* Voice.swift in Sources */,
				8DB45FF729D6D32D0057BCDB /* VerificationPage.swift in Sources */,
				8D4A8155299D18B300B9A715 /* Footer.swift in Sources */,
				E80E996B2A03DDEF00F2D8CD /* BannerModifier.swift in Sources */,
				E8D9DCE62A0421D0000B65FD /* RefreshTokenResponse.swift in Sources */,
				F619709929C35F1D00927BDB /* DangerButton.swift in Sources */,
				23D9B9E9299A7C9600AA46EC /* DefaultButton.swift in Sources */,
				F60AD48F299E4752008A30F5 /* PluckInfo.swift in Sources */,
				8D77C3BA29E5390000C36D11 /* TTSService.swift in Sources */,
				8DB727AC29CDA78F009CA150 /* User.swift in Sources */,
				8D921C5B29A673610015800D /* ButtonRandomizer.swift in Sources */,
				E82B0AC529A0221400A5F1E2 /* Validator.swift in Sources */,
				8D67F8EC299E240A001DB87C /* TabBar.swift in Sources */,
				E83BD8862A0124D30044FAE2 /* VoiceChatPage.swift in Sources */,
				F62D1AFC29EEBD95005ED754 /* VerifyRequestDto.swift in Sources */,
				236309DE29F3D4D700F09BF9 /* AddLocationPage.swift in Sources */,
				F69765C129E6E97800C697B8 /* ProductPage.swift in Sources */,
				8D1A2DE229966A42007062CE /* Font+Extension.swift in Sources */,
				E8236EAA29FA5A7100447F34 /* DetailedEmployeePage.swift in Sources */,
				F60AD480299CF683008A30F5 /* PluckLobby.swift in Sources */,
				E8236EA829FA4B7D00447F34 /* AddEmployeePage.swift in Sources */,
				F6ACE70C29B0AA47004AC10B /* Location.swift in Sources */,
				F6754BF8299FABF3007CEDB5 /* Pluck.swift in Sources */,
				8D46B25E29C340A000F3E9EB /* CargoCarrier.swift in Sources */,
				F6754BF6299FAA91007CEDB5 /* AnyTransition.swift in Sources */,
				8DFBEB9129F7F81000D8E2D1 /* UpdatePluckListRequest.swift in Sources */,
				F619709B29C4981D00927BDB /* JustifiedContainer.swift in Sources */,
				E83BD8882A01383F0044FAE2 /* RoleDto.swift in Sources */,
				E80E99652A039BBF00F2D8CD /* CustomProgressView.swift in Sources */,
				F6754BFC299FBC0E007CEDB5 /* Product.swift in Sources */,
				F6F2E78129D1970E00E56A11 /* TokenRequest.swift in Sources */,
				F60AD491299E4D8C008A30F5 /* PluckPage.swift in Sources */,
				E845942B29E94B9A00DFE048 /* SetupWarehouse.swift in Sources */,
				236309E029F3D4FE00F09BF9 /* LocationPage.swift in Sources */,
				E8603B412996584000E09361 /* ContentView.swift in Sources */,
				E80E996F2A03DE0700F2D8CD /* CustomDisclosureGroup.swift in Sources */,
				E8A2432529C30EC1007D0F60 /* LoginResponse.swift in Sources */,
				E8603B3F2996584000E09361 /* voice_pick_frontendApp.swift in Sources */,
				F68E42A329FD9421008E277E /* VoiceLog.swift in Sources */,
				F62D377429F42ECB00455B80 /* UpdatePluckRequest.swift in Sources */,
				F6ACE70A29B090EC004AC10B /* RequestService.swift in Sources */,
				E83C9BC829B220BA000063E9 /* UserInfo.swift in Sources */,
				F640285129CD85B70023AE34 /* VoiceService.swift in Sources */,
				8DAB093429968296005A61C0 /* Styles+Extensions.swift in Sources */,
				2386BC1E299BE80F00916B5C /* DefaultInput.swift in Sources */,
				23BCAE30299F70D70038C0D7 /* AccountPage.swift in Sources */,
				E83C9BCF29B2267E000063E9 /* AuthMode.swift in Sources */,
				234783742A013EAB0066EDF8 /* LocationPluckListResponse.swift in Sources */,
				F6754C02299FCDF1007CEDB5 /* DefaultLabel.swift in Sources */,
				E83C9BD329B22716000063E9 /* AuthForm.swift in Sources */,
				E8B8179829967D8400962940 /* Color+Extensions.swift in Sources */,
				F68A5B0D29E976EB004E4E9B /* ProductField.swift in Sources */,
				F68A5B1629E977FB004E4E9B /* EditableLabelInput.swift in Sources */,
				F6BD930929F9A51300D04542 /* ChangePasswordPage.swift in Sources */,
				E8A2432929C32CCF007D0F60 /* AuthenticationService.swift in Sources */,
				E80E99712A03E5E600F2D8CD /* ProfilePictureDto.swift in Sources */,
				F68A5B1429E97751004E4E9B /* SaveProductDto.swift in Sources */,
			);
			runOnlyForDeploymentPostprocessing = 0;
		};
		E8603B472996584100E09361 /* Sources */ = {
			isa = PBXSourcesBuildPhase;
			buildActionMask = 2147483647;
			files = (
				E8603B502996584100E09361 /* voice_pick_frontendTests.swift in Sources */,
			);
			runOnlyForDeploymentPostprocessing = 0;
		};
		E8603B512996584100E09361 /* Sources */ = {
			isa = PBXSourcesBuildPhase;
			buildActionMask = 2147483647;
			files = (
				E8603B5C2996584100E09361 /* voice_pick_frontendUITestsLaunchTests.swift in Sources */,
				E8603B5A2996584100E09361 /* voice_pick_frontendUITests.swift in Sources */,
			);
			runOnlyForDeploymentPostprocessing = 0;
		};
/* End PBXSourcesBuildPhase section */

/* Begin PBXTargetDependency section */
		E8603B4D2996584100E09361 /* PBXTargetDependency */ = {
			isa = PBXTargetDependency;
			target = E8603B3A2996584000E09361 /* voice-pick-frontend */;
			targetProxy = E8603B4C2996584100E09361 /* PBXContainerItemProxy */;
		};
		E8603B572996584100E09361 /* PBXTargetDependency */ = {
			isa = PBXTargetDependency;
			target = E8603B3A2996584000E09361 /* voice-pick-frontend */;
			targetProxy = E8603B562996584100E09361 /* PBXContainerItemProxy */;
		};
/* End PBXTargetDependency section */

/* Begin XCBuildConfiguration section */
		E8603B5D2996584100E09361 /* Debug */ = {
			isa = XCBuildConfiguration;
			buildSettings = {
				ALWAYS_SEARCH_USER_PATHS = NO;
				CLANG_ANALYZER_NONNULL = YES;
				CLANG_ANALYZER_NUMBER_OBJECT_CONVERSION = YES_AGGRESSIVE;
				CLANG_CXX_LANGUAGE_STANDARD = "gnu++20";
				CLANG_ENABLE_MODULES = YES;
				CLANG_ENABLE_OBJC_ARC = YES;
				CLANG_ENABLE_OBJC_WEAK = YES;
				CLANG_WARN_BLOCK_CAPTURE_AUTORELEASING = YES;
				CLANG_WARN_BOOL_CONVERSION = YES;
				CLANG_WARN_COMMA = YES;
				CLANG_WARN_CONSTANT_CONVERSION = YES;
				CLANG_WARN_DEPRECATED_OBJC_IMPLEMENTATIONS = YES;
				CLANG_WARN_DIRECT_OBJC_ISA_USAGE = YES_ERROR;
				CLANG_WARN_DOCUMENTATION_COMMENTS = YES;
				CLANG_WARN_EMPTY_BODY = YES;
				CLANG_WARN_ENUM_CONVERSION = YES;
				CLANG_WARN_INFINITE_RECURSION = YES;
				CLANG_WARN_INT_CONVERSION = YES;
				CLANG_WARN_NON_LITERAL_NULL_CONVERSION = YES;
				CLANG_WARN_OBJC_IMPLICIT_RETAIN_SELF = YES;
				CLANG_WARN_OBJC_LITERAL_CONVERSION = YES;
				CLANG_WARN_OBJC_ROOT_CLASS = YES_ERROR;
				CLANG_WARN_QUOTED_INCLUDE_IN_FRAMEWORK_HEADER = YES;
				CLANG_WARN_RANGE_LOOP_ANALYSIS = YES;
				CLANG_WARN_STRICT_PROTOTYPES = YES;
				CLANG_WARN_SUSPICIOUS_MOVE = YES;
				CLANG_WARN_UNGUARDED_AVAILABILITY = YES_AGGRESSIVE;
				CLANG_WARN_UNREACHABLE_CODE = YES;
				CLANG_WARN__DUPLICATE_METHOD_MATCH = YES;
				COPY_PHASE_STRIP = NO;
				DEBUG_INFORMATION_FORMAT = dwarf;
				ENABLE_STRICT_OBJC_MSGSEND = YES;
				ENABLE_TESTABILITY = YES;
				GCC_C_LANGUAGE_STANDARD = gnu11;
				GCC_DYNAMIC_NO_PIC = NO;
				GCC_NO_COMMON_BLOCKS = YES;
				GCC_OPTIMIZATION_LEVEL = 0;
				GCC_PREPROCESSOR_DEFINITIONS = (
					"DEBUG=1",
					"$(inherited)",
				);
				GCC_WARN_64_TO_32_BIT_CONVERSION = YES;
				GCC_WARN_ABOUT_RETURN_TYPE = YES_ERROR;
				GCC_WARN_UNDECLARED_SELECTOR = YES;
				GCC_WARN_UNINITIALIZED_AUTOS = YES_AGGRESSIVE;
				GCC_WARN_UNUSED_FUNCTION = YES;
				GCC_WARN_UNUSED_VARIABLE = YES;
				IPHONEOS_DEPLOYMENT_TARGET = 16.2;
				MTL_ENABLE_DEBUG_INFO = INCLUDE_SOURCE;
				MTL_FAST_MATH = YES;
				ONLY_ACTIVE_ARCH = YES;
				SDKROOT = iphoneos;
				SWIFT_ACTIVE_COMPILATION_CONDITIONS = DEBUG;
				SWIFT_OPTIMIZATION_LEVEL = "-Onone";
			};
			name = Debug;
		};
		E8603B5E2996584100E09361 /* Release */ = {
			isa = XCBuildConfiguration;
			buildSettings = {
				ALWAYS_SEARCH_USER_PATHS = NO;
				CLANG_ANALYZER_NONNULL = YES;
				CLANG_ANALYZER_NUMBER_OBJECT_CONVERSION = YES_AGGRESSIVE;
				CLANG_CXX_LANGUAGE_STANDARD = "gnu++20";
				CLANG_ENABLE_MODULES = YES;
				CLANG_ENABLE_OBJC_ARC = YES;
				CLANG_ENABLE_OBJC_WEAK = YES;
				CLANG_WARN_BLOCK_CAPTURE_AUTORELEASING = YES;
				CLANG_WARN_BOOL_CONVERSION = YES;
				CLANG_WARN_COMMA = YES;
				CLANG_WARN_CONSTANT_CONVERSION = YES;
				CLANG_WARN_DEPRECATED_OBJC_IMPLEMENTATIONS = YES;
				CLANG_WARN_DIRECT_OBJC_ISA_USAGE = YES_ERROR;
				CLANG_WARN_DOCUMENTATION_COMMENTS = YES;
				CLANG_WARN_EMPTY_BODY = YES;
				CLANG_WARN_ENUM_CONVERSION = YES;
				CLANG_WARN_INFINITE_RECURSION = YES;
				CLANG_WARN_INT_CONVERSION = YES;
				CLANG_WARN_NON_LITERAL_NULL_CONVERSION = YES;
				CLANG_WARN_OBJC_IMPLICIT_RETAIN_SELF = YES;
				CLANG_WARN_OBJC_LITERAL_CONVERSION = YES;
				CLANG_WARN_OBJC_ROOT_CLASS = YES_ERROR;
				CLANG_WARN_QUOTED_INCLUDE_IN_FRAMEWORK_HEADER = YES;
				CLANG_WARN_RANGE_LOOP_ANALYSIS = YES;
				CLANG_WARN_STRICT_PROTOTYPES = YES;
				CLANG_WARN_SUSPICIOUS_MOVE = YES;
				CLANG_WARN_UNGUARDED_AVAILABILITY = YES_AGGRESSIVE;
				CLANG_WARN_UNREACHABLE_CODE = YES;
				CLANG_WARN__DUPLICATE_METHOD_MATCH = YES;
				COPY_PHASE_STRIP = NO;
				DEBUG_INFORMATION_FORMAT = "dwarf-with-dsym";
				ENABLE_NS_ASSERTIONS = NO;
				ENABLE_STRICT_OBJC_MSGSEND = YES;
				GCC_C_LANGUAGE_STANDARD = gnu11;
				GCC_NO_COMMON_BLOCKS = YES;
				GCC_WARN_64_TO_32_BIT_CONVERSION = YES;
				GCC_WARN_ABOUT_RETURN_TYPE = YES_ERROR;
				GCC_WARN_UNDECLARED_SELECTOR = YES;
				GCC_WARN_UNINITIALIZED_AUTOS = YES_AGGRESSIVE;
				GCC_WARN_UNUSED_FUNCTION = YES;
				GCC_WARN_UNUSED_VARIABLE = YES;
				IPHONEOS_DEPLOYMENT_TARGET = 16.2;
				MTL_ENABLE_DEBUG_INFO = NO;
				MTL_FAST_MATH = YES;
				SDKROOT = iphoneos;
				SWIFT_COMPILATION_MODE = wholemodule;
				SWIFT_OPTIMIZATION_LEVEL = "-O";
				VALIDATE_PRODUCT = YES;
			};
			name = Release;
		};
		E8603B602996584100E09361 /* Debug */ = {
			isa = XCBuildConfiguration;
			buildSettings = {
				API_URL = "http://localhost:8080";
				ASSETCATALOG_COMPILER_APPICON_NAME = AppIcon;
				ASSETCATALOG_COMPILER_GLOBAL_ACCENT_COLOR_NAME = AccentColor;
				CODE_SIGN_IDENTITY = "Apple Development";
				CODE_SIGN_STYLE = Automatic;
				CURRENT_PROJECT_VERSION = 1;
				DEVELOPMENT_ASSET_PATHS = "\"voice-pick-frontend/Preview Content\"";
				DEVELOPMENT_TEAM = 3SR89T93YC;
				ENABLE_PREVIEWS = YES;
				GENERATE_INFOPLIST_FILE = YES;
				INFOPLIST_FILE = "voice-pick-frontend/Info.plist";
				INFOPLIST_KEY_NSCameraUsageDescription = "We require the camera to read barcodes";
				INFOPLIST_KEY_NSMicrophoneUsageDescription = "We require the microphone to transcribe your voice";
				INFOPLIST_KEY_NSSpeechRecognitionUsageDescription = "We require speech recognition to transcribe your voice.";
				INFOPLIST_KEY_UIApplicationSceneManifest_Generation = YES;
				INFOPLIST_KEY_UIApplicationSupportsIndirectInputEvents = YES;
				INFOPLIST_KEY_UILaunchScreen_Generation = YES;
				INFOPLIST_KEY_UIStatusBarStyle = UIStatusBarStyleDarkContent;
				INFOPLIST_KEY_UISupportedInterfaceOrientations_iPad = "UIInterfaceOrientationPortrait UIInterfaceOrientationPortraitUpsideDown UIInterfaceOrientationLandscapeLeft UIInterfaceOrientationLandscapeRight";
				INFOPLIST_KEY_UISupportedInterfaceOrientations_iPhone = "UIInterfaceOrientationPortrait UIInterfaceOrientationLandscapeLeft UIInterfaceOrientationLandscapeRight";
				IPHONEOS_DEPLOYMENT_TARGET = 16.0;
				LD_RUNPATH_SEARCH_PATHS = (
					"$(inherited)",
					"@executable_path/Frameworks",
				);
				MARKETING_VERSION = 1.0;
				PRODUCT_BUNDLE_IDENTIFIER = "dev.molnes.voice-pick-frontend-jkm";
				PRODUCT_NAME = "Trace VP";
				PROVISIONING_PROFILE_SPECIFIER = "";
				SWIFT_EMIT_LOC_STRINGS = YES;
				SWIFT_VERSION = 5.0;
				TARGETED_DEVICE_FAMILY = "1,2";
			};
			name = Debug;
		};
		E8603B612996584100E09361 /* Release */ = {
			isa = XCBuildConfiguration;
			buildSettings = {
				API_URL = "http://localhost:8080";
				ASSETCATALOG_COMPILER_APPICON_NAME = AppIcon;
				ASSETCATALOG_COMPILER_GLOBAL_ACCENT_COLOR_NAME = AccentColor;
				CODE_SIGN_IDENTITY = "Apple Development";
				CODE_SIGN_STYLE = Automatic;
				CURRENT_PROJECT_VERSION = 1;
				DEVELOPMENT_ASSET_PATHS = "\"voice-pick-frontend/Preview Content\"";
				DEVELOPMENT_TEAM = 3SR89T93YC;
				ENABLE_PREVIEWS = YES;
				GENERATE_INFOPLIST_FILE = YES;
				INFOPLIST_FILE = "voice-pick-frontend/Info.plist";
				INFOPLIST_KEY_NSCameraUsageDescription = "We require the camera to read barcodes";
				INFOPLIST_KEY_NSMicrophoneUsageDescription = "We require the microphone to transcribe your voice";
				INFOPLIST_KEY_NSSpeechRecognitionUsageDescription = "We require speech recognition to transcribe your voice.";
				INFOPLIST_KEY_UIApplicationSceneManifest_Generation = YES;
				INFOPLIST_KEY_UIApplicationSupportsIndirectInputEvents = YES;
				INFOPLIST_KEY_UILaunchScreen_Generation = YES;
				INFOPLIST_KEY_UIStatusBarStyle = UIStatusBarStyleDarkContent;
				INFOPLIST_KEY_UISupportedInterfaceOrientations_iPad = "UIInterfaceOrientationPortrait UIInterfaceOrientationPortraitUpsideDown UIInterfaceOrientationLandscapeLeft UIInterfaceOrientationLandscapeRight";
				INFOPLIST_KEY_UISupportedInterfaceOrientations_iPhone = "UIInterfaceOrientationPortrait UIInterfaceOrientationLandscapeLeft UIInterfaceOrientationLandscapeRight";
				IPHONEOS_DEPLOYMENT_TARGET = 16.0;
				LD_RUNPATH_SEARCH_PATHS = (
					"$(inherited)",
					"@executable_path/Frameworks",
				);
				MARKETING_VERSION = 1.0;
				PRODUCT_BUNDLE_IDENTIFIER = "dev.molnes.voice-pick-frontend-jkm";
				PRODUCT_NAME = "Trace VP";
				PROVISIONING_PROFILE_SPECIFIER = "";
				SWIFT_EMIT_LOC_STRINGS = YES;
				SWIFT_VERSION = 5.0;
				TARGETED_DEVICE_FAMILY = "1,2";
			};
			name = Release;
		};
		E8603B632996584100E09361 /* Debug */ = {
			isa = XCBuildConfiguration;
			buildSettings = {
				ALWAYS_EMBED_SWIFT_STANDARD_LIBRARIES = YES;
				BUNDLE_LOADER = "$(TEST_HOST)";
				CODE_SIGN_STYLE = Automatic;
				CURRENT_PROJECT_VERSION = 1;
				DEVELOPMENT_TEAM = 3SR89T93YC;
				GENERATE_INFOPLIST_FILE = YES;
				INFOPLIST_FILE = "voice-pick-frontendTests/Info.plist";
				INFOPLIST_KEY_LSApplicationCategoryType = "";
				IPHONEOS_DEPLOYMENT_TARGET = 16.0;
				MARKETING_VERSION = 1.0;
				PRODUCT_BUNDLE_IDENTIFIER = "ntnu.bachelor.voice-pick-frontendTests";
				PRODUCT_NAME = "$(TARGET_NAME)";
				SWIFT_EMIT_LOC_STRINGS = NO;
				SWIFT_VERSION = 5.0;
				TARGETED_DEVICE_FAMILY = "1,2";
				TEST_HOST = "$(BUILT_PRODUCTS_DIR)/voice-pick-frontend.app/$(BUNDLE_EXECUTABLE_FOLDER_PATH)/voice-pick-frontend";
			};
			name = Debug;
		};
		E8603B642996584100E09361 /* Release */ = {
			isa = XCBuildConfiguration;
			buildSettings = {
				ALWAYS_EMBED_SWIFT_STANDARD_LIBRARIES = YES;
				BUNDLE_LOADER = "$(TEST_HOST)";
				CODE_SIGN_STYLE = Automatic;
				CURRENT_PROJECT_VERSION = 1;
				DEVELOPMENT_TEAM = 3SR89T93YC;
				GENERATE_INFOPLIST_FILE = YES;
				INFOPLIST_FILE = "voice-pick-frontendTests/Info.plist";
				INFOPLIST_KEY_LSApplicationCategoryType = "";
				IPHONEOS_DEPLOYMENT_TARGET = 16.0;
				MARKETING_VERSION = 1.0;
				PRODUCT_BUNDLE_IDENTIFIER = "ntnu.bachelor.voice-pick-frontendTests";
				PRODUCT_NAME = "$(TARGET_NAME)";
				SWIFT_EMIT_LOC_STRINGS = NO;
				SWIFT_VERSION = 5.0;
				TARGETED_DEVICE_FAMILY = "1,2";
				TEST_HOST = "$(BUILT_PRODUCTS_DIR)/voice-pick-frontend.app/$(BUNDLE_EXECUTABLE_FOLDER_PATH)/voice-pick-frontend";
			};
			name = Release;
		};
		E8603B662996584100E09361 /* Debug */ = {
			isa = XCBuildConfiguration;
			buildSettings = {
				ALWAYS_EMBED_SWIFT_STANDARD_LIBRARIES = YES;
				CODE_SIGN_STYLE = Automatic;
				CURRENT_PROJECT_VERSION = 1;
				DEVELOPMENT_TEAM = 3SR89T93YC;
				GENERATE_INFOPLIST_FILE = YES;
				MARKETING_VERSION = 1.0;
				PRODUCT_BUNDLE_IDENTIFIER = "ntnu.bachelor.voice-pick-frontendUITests";
				PRODUCT_NAME = "$(TARGET_NAME)";
				SWIFT_EMIT_LOC_STRINGS = NO;
				SWIFT_VERSION = 5.0;
				TARGETED_DEVICE_FAMILY = "1,2";
				TEST_TARGET_NAME = "voice-pick-frontend";
			};
			name = Debug;
		};
		E8603B672996584100E09361 /* Release */ = {
			isa = XCBuildConfiguration;
			buildSettings = {
				ALWAYS_EMBED_SWIFT_STANDARD_LIBRARIES = YES;
				CODE_SIGN_STYLE = Automatic;
				CURRENT_PROJECT_VERSION = 1;
				DEVELOPMENT_TEAM = 3SR89T93YC;
				GENERATE_INFOPLIST_FILE = YES;
				MARKETING_VERSION = 1.0;
				PRODUCT_BUNDLE_IDENTIFIER = "ntnu.bachelor.voice-pick-frontendUITests";
				PRODUCT_NAME = "$(TARGET_NAME)";
				SWIFT_EMIT_LOC_STRINGS = NO;
				SWIFT_VERSION = 5.0;
				TARGETED_DEVICE_FAMILY = "1,2";
				TEST_TARGET_NAME = "voice-pick-frontend";
			};
			name = Release;
		};
/* End XCBuildConfiguration section */

/* Begin XCConfigurationList section */
		E8603B362996584000E09361 /* Build configuration list for PBXProject "voice-pick-frontend" */ = {
			isa = XCConfigurationList;
			buildConfigurations = (
				E8603B5D2996584100E09361 /* Debug */,
				E8603B5E2996584100E09361 /* Release */,
			);
			defaultConfigurationIsVisible = 0;
			defaultConfigurationName = Release;
		};
		E8603B5F2996584100E09361 /* Build configuration list for PBXNativeTarget "voice-pick-frontend" */ = {
			isa = XCConfigurationList;
			buildConfigurations = (
				E8603B602996584100E09361 /* Debug */,
				E8603B612996584100E09361 /* Release */,
			);
			defaultConfigurationIsVisible = 0;
			defaultConfigurationName = Release;
		};
		E8603B622996584100E09361 /* Build configuration list for PBXNativeTarget "voice-pick-frontendTests" */ = {
			isa = XCConfigurationList;
			buildConfigurations = (
				E8603B632996584100E09361 /* Debug */,
				E8603B642996584100E09361 /* Release */,
			);
			defaultConfigurationIsVisible = 0;
			defaultConfigurationName = Release;
		};
		E8603B652996584100E09361 /* Build configuration list for PBXNativeTarget "voice-pick-frontendUITests" */ = {
			isa = XCConfigurationList;
			buildConfigurations = (
				E8603B662996584100E09361 /* Debug */,
				E8603B672996584100E09361 /* Release */,
			);
			defaultConfigurationIsVisible = 0;
			defaultConfigurationName = Release;
		};
/* End XCConfigurationList section */

/* Begin XCRemoteSwiftPackageReference section */
		8DA673722A0301D10040FDEF /* XCRemoteSwiftPackageReference "SwiftClockUI" */ = {
			isa = XCRemoteSwiftPackageReference;
			repositoryURL = "https://github.com/renaudjenny/SwiftClockUI";
			requirement = {
				kind = upToNextMajorVersion;
				minimumVersion = 2.0.0;
			};
		};
		E8F8886529C30C8D007B77E4 /* XCRemoteSwiftPackageReference "keychain-swift" */ = {
			isa = XCRemoteSwiftPackageReference;
			repositoryURL = "https://github.com/evgenyneu/keychain-swift";
			requirement = {
				branch = master;
				kind = branch;
			};
		};
		F60FFA4129E54DB900DB4879 /* XCRemoteSwiftPackageReference "CodeScanner" */ = {
			isa = XCRemoteSwiftPackageReference;
			repositoryURL = "https://github.com/twostraws/CodeScanner";
			requirement = {
				kind = upToNextMajorVersion;
				minimumVersion = 2.0.0;
			};
		};
/* End XCRemoteSwiftPackageReference section */

/* Begin XCSwiftPackageProductDependency section */
		8DA673732A0301D10040FDEF /* SwiftClockUI */ = {
			isa = XCSwiftPackageProductDependency;
			package = 8DA673722A0301D10040FDEF /* XCRemoteSwiftPackageReference "SwiftClockUI" */;
			productName = SwiftClockUI;
		};
		E8F8886629C30C8D007B77E4 /* KeychainSwift */ = {
			isa = XCSwiftPackageProductDependency;
			package = E8F8886529C30C8D007B77E4 /* XCRemoteSwiftPackageReference "keychain-swift" */;
			productName = KeychainSwift;
		};
		F60FFA4229E54DB900DB4879 /* CodeScanner */ = {
			isa = XCSwiftPackageProductDependency;
			package = F60FFA4129E54DB900DB4879 /* XCRemoteSwiftPackageReference "CodeScanner" */;
			productName = CodeScanner;
		};
/* End XCSwiftPackageProductDependency section */
	};
	rootObject = E8603B332996584000E09361 /* Project object */;
}
