// !$*UTF8*$!
{
	archiveVersion = 1;
	classes = {
	};
	objectVersion = 56;
	objects = {

/* Begin PBXBuildFile section */
		8D1A2DE229966A42007062CE /* Font+Extension.swift in Sources */ = {isa = PBXBuildFile; fileRef = 8D1A2DE129966A42007062CE /* Font+Extension.swift */; };
		E8603B3F2996584000E09361 /* voice_pick_frontendApp.swift in Sources */ = {isa = PBXBuildFile; fileRef = E8603B3E2996584000E09361 /* voice_pick_frontendApp.swift */; };
		E8603B412996584000E09361 /* ContentView.swift in Sources */ = {isa = PBXBuildFile; fileRef = E8603B402996584000E09361 /* ContentView.swift */; };
		E8603B432996584100E09361 /* Assets.xcassets in Resources */ = {isa = PBXBuildFile; fileRef = E8603B422996584100E09361 /* Assets.xcassets */; };
		E8603B462996584100E09361 /* Preview Assets.xcassets in Resources */ = {isa = PBXBuildFile; fileRef = E8603B452996584100E09361 /* Preview Assets.xcassets */; };
		E8603B502996584100E09361 /* voice_pick_frontendTests.swift in Sources */ = {isa = PBXBuildFile; fileRef = E8603B4F2996584100E09361 /* voice_pick_frontendTests.swift */; };
		E8603B5A2996584100E09361 /* voice_pick_frontendUITests.swift in Sources */ = {isa = PBXBuildFile; fileRef = E8603B592996584100E09361 /* voice_pick_frontendUITests.swift */; };
		E8603B5C2996584100E09361 /* voice_pick_frontendUITestsLaunchTests.swift in Sources */ = {isa = PBXBuildFile; fileRef = E8603B5B2996584100E09361 /* voice_pick_frontendUITestsLaunchTests.swift */; };
		E8B8179829967D8400962940 /* Color+Extensions.swift in Sources */ = {isa = PBXBuildFile; fileRef = E8B8179729967D8400962940 /* Color+Extensions.swift */; };
/* End PBXBuildFile section */

/* Begin PBXContainerItemProxy section */
		E8603B4C2996584100E09361 /* PBXContainerItemProxy */ = {
			isa = PBXContainerItemProxy;
			containerPortal = E8603B332996584000E09361 /* Project object */;
			proxyType = 1;
			remoteGlobalIDString = E8603B3A2996584000E09361;
			remoteInfo = "voice-pick-frontend";
		};
		E8603B562996584100E09361 /* PBXContainerItemProxy */ = {
			isa = PBXContainerItemProxy;
			containerPortal = E8603B332996584000E09361 /* Project object */;
			proxyType = 1;
			remoteGlobalIDString = E8603B3A2996584000E09361;
			remoteInfo = "voice-pick-frontend";
		};
/* End PBXContainerItemProxy section */

/* Begin PBXFileReference section */
		8D1A2DE129966A42007062CE /* Font+Extension.swift */ = {isa = PBXFileReference; lastKnownFileType = sourcecode.swift; path = "Font+Extension.swift"; sourceTree = "<group>"; };
		E8603B3B2996584000E09361 /* voice-pick-frontend.app */ = {isa = PBXFileReference; explicitFileType = wrapper.application; includeInIndex = 0; path = "voice-pick-frontend.app"; sourceTree = BUILT_PRODUCTS_DIR; };
		E8603B3E2996584000E09361 /* voice_pick_frontendApp.swift */ = {isa = PBXFileReference; lastKnownFileType = sourcecode.swift; path = voice_pick_frontendApp.swift; sourceTree = "<group>"; };
		E8603B402996584000E09361 /* ContentView.swift */ = {isa = PBXFileReference; lastKnownFileType = sourcecode.swift; path = ContentView.swift; sourceTree = "<group>"; };
		E8603B422996584100E09361 /* Assets.xcassets */ = {isa = PBXFileReference; lastKnownFileType = folder.assetcatalog; path = Assets.xcassets; sourceTree = "<group>"; };
		E8603B452996584100E09361 /* Preview Assets.xcassets */ = {isa = PBXFileReference; lastKnownFileType = folder.assetcatalog; path = "Preview Assets.xcassets"; sourceTree = "<group>"; };
		E8603B4B2996584100E09361 /* voice-pick-frontendTests.xctest */ = {isa = PBXFileReference; explicitFileType = wrapper.cfbundle; includeInIndex = 0; path = "voice-pick-frontendTests.xctest"; sourceTree = BUILT_PRODUCTS_DIR; };
		E8603B4F2996584100E09361 /* voice_pick_frontendTests.swift */ = {isa = PBXFileReference; lastKnownFileType = sourcecode.swift; path = voice_pick_frontendTests.swift; sourceTree = "<group>"; };
		E8603B552996584100E09361 /* voice-pick-frontendUITests.xctest */ = {isa = PBXFileReference; explicitFileType = wrapper.cfbundle; includeInIndex = 0; path = "voice-pick-frontendUITests.xctest"; sourceTree = BUILT_PRODUCTS_DIR; };
		E8603B592996584100E09361 /* voice_pick_frontendUITests.swift */ = {isa = PBXFileReference; lastKnownFileType = sourcecode.swift; path = voice_pick_frontendUITests.swift; sourceTree = "<group>"; };
		E8603B5B2996584100E09361 /* voice_pick_frontendUITestsLaunchTests.swift */ = {isa = PBXFileReference; lastKnownFileType = sourcecode.swift; path = voice_pick_frontendUITestsLaunchTests.swift; sourceTree = "<group>"; };
		E8B8179729967D8400962940 /* Color+Extensions.swift */ = {isa = PBXFileReference; lastKnownFileType = sourcecode.swift; path = "Color+Extensions.swift"; sourceTree = "<group>"; };
		F6E9BE382996860E00DFD5EF /* README.md */ = {isa = PBXFileReference; lastKnownFileType = net.daringfireball.markdown; path = README.md; sourceTree = "<group>"; };
/* End PBXFileReference section */

/* Begin PBXFrameworksBuildPhase section */
		E8603B382996584000E09361 /* Frameworks */ = {
			isa = PBXFrameworksBuildPhase;
			buildActionMask = 2147483647;
			files = (
			);
			runOnlyForDeploymentPostprocessing = 0;
		};
		E8603B482996584100E09361 /* Frameworks */ = {
			isa = PBXFrameworksBuildPhase;
			buildActionMask = 2147483647;
			files = (
			);
			runOnlyForDeploymentPostprocessing = 0;
		};
		E8603B522996584100E09361 /* Frameworks */ = {
			isa = PBXFrameworksBuildPhase;
			buildActionMask = 2147483647;
			files = (
			);
			runOnlyForDeploymentPostprocessing = 0;
		};
/* End PBXFrameworksBuildPhase section */

/* Begin PBXGroup section */
		8D1A2DE029966A1F007062CE /* Extensions */ = {
			isa = PBXGroup;
			children = (
				8D1A2DE129966A42007062CE /* Font+Extension.swift */,
				E8B8179729967D8400962940 /* Color+Extensions.swift */,
			);
			path = Extensions;
			sourceTree = "<group>";
		};
		E8603B322996584000E09361 = {
			isa = PBXGroup;
			children = (
				F6E9BE382996860E00DFD5EF /* README.md */,
				E8603B3D2996584000E09361 /* voice-pick-frontend */,
				E8603B4E2996584100E09361 /* voice-pick-frontendTests */,
				E8603B582996584100E09361 /* voice-pick-frontendUITests */,
				E8603B3C2996584000E09361 /* Products */,
			);
			sourceTree = "<group>";
		};
		E8603B3C2996584000E09361 /* Products */ = {
			isa = PBXGroup;
			children = (
				E8603B3B2996584000E09361 /* voice-pick-frontend.app */,
				E8603B4B2996584100E09361 /* voice-pick-frontendTests.xctest */,
				E8603B552996584100E09361 /* voice-pick-frontendUITests.xctest */,
			);
			name = Products;
			sourceTree = "<group>";
		};
		E8603B3D2996584000E09361 /* voice-pick-frontend */ = {
			isa = PBXGroup;
			children = (
				F6E9BE432996871600DFD5EF /* library */,
				F6E9BE40299686D000DFD5EF /* model */,
				F6E9BE42299686E500DFD5EF /* component */,
				F6E9BE3B299686A200DFD5EF /* layout */,
				F6E9BE41299686D500DFD5EF /* service */,
				F6E9BE3F299686CA00DFD5EF /* page */,
				F6E9BE3C299686B200DFD5EF /* feature */,
				F6E9BE3D299686B900DFD5EF /* util */,
				8D1A2DE029966A1F007062CE /* Extensions */,
				E8603B3E2996584000E09361 /* voice_pick_frontendApp.swift */,
				E8603B402996584000E09361 /* ContentView.swift */,
				E8603B422996584100E09361 /* Assets.xcassets */,
				E8603B442996584100E09361 /* Preview Content */,
			);
			path = "voice-pick-frontend";
			sourceTree = "<group>";
		};
		E8603B442996584100E09361 /* Preview Content */ = {
			isa = PBXGroup;
			children = (
				E8603B452996584100E09361 /* Preview Assets.xcassets */,
			);
			path = "Preview Content";
			sourceTree = "<group>";
		};
		E8603B4E2996584100E09361 /* voice-pick-frontendTests */ = {
			isa = PBXGroup;
			children = (
				E8603B4F2996584100E09361 /* voice_pick_frontendTests.swift */,
			);
			path = "voice-pick-frontendTests";
			sourceTree = "<group>";
		};
		E8603B582996584100E09361 /* voice-pick-frontendUITests */ = {
			isa = PBXGroup;
			children = (
				E8603B592996584100E09361 /* voice_pick_frontendUITests.swift */,
				E8603B5B2996584100E09361 /* voice_pick_frontendUITestsLaunchTests.swift */,
			);
			path = "voice-pick-frontendUITests";
			sourceTree = "<group>";
		};
		F6E9BE3B299686A200DFD5EF /* layout */ = {
			isa = PBXGroup;
			children = (
			);
			path = layout;
			sourceTree = "<group>";
		};
		F6E9BE3C299686B200DFD5EF /* feature */ = {
			isa = PBXGroup;
			children = (
				F6E9BE442996873A00DFD5EF /* authentication */,
				F6E9BE482996875E00DFD5EF /* pluck */,
			);
			path = feature;
			sourceTree = "<group>";
		};
		F6E9BE3D299686B900DFD5EF /* util */ = {
			isa = PBXGroup;
			children = (
			);
			path = util;
			sourceTree = "<group>";
		};
		F6E9BE3F299686CA00DFD5EF /* page */ = {
			isa = PBXGroup;
			children = (
			);
			path = page;
			sourceTree = "<group>";
		};
		F6E9BE40299686D000DFD5EF /* model */ = {
			isa = PBXGroup;
			children = (
			);
			path = model;
			sourceTree = "<group>";
		};
		F6E9BE41299686D500DFD5EF /* service */ = {
			isa = PBXGroup;
			children = (
			);
			path = service;
			sourceTree = "<group>";
		};
		F6E9BE42299686E500DFD5EF /* component */ = {
			isa = PBXGroup;
			children = (
			);
			path = component;
			sourceTree = "<group>";
		};
		F6E9BE432996871600DFD5EF /* library */ = {
			isa = PBXGroup;
			children = (
			);
			path = library;
			sourceTree = "<group>";
		};
		F6E9BE442996873A00DFD5EF /* authentication */ = {
			isa = PBXGroup;
			children = (
				F6E9BE452996874200DFD5EF /* components */,
				F6E9BE462996874800DFD5EF /* models */,
				F6E9BE472996874C00DFD5EF /* services */,
			);
			path = authentication;
			sourceTree = "<group>";
		};
		F6E9BE452996874200DFD5EF /* components */ = {
			isa = PBXGroup;
			children = (
			);
			path = components;
			sourceTree = "<group>";
		};
		F6E9BE462996874800DFD5EF /* models */ = {
			isa = PBXGroup;
			children = (
			);
			path = models;
			sourceTree = "<group>";
		};
		F6E9BE472996874C00DFD5EF /* services */ = {
			isa = PBXGroup;
			children = (
			);
			path = services;
			sourceTree = "<group>";
		};
		F6E9BE482996875E00DFD5EF /* pluck */ = {
			isa = PBXGroup;
			children = (
				F6E9BE4C2996879500DFD5EF /* components */,
				F6E9BE4B2996879100DFD5EF /* models */,
				F6E9BE492996878400DFD5EF /* services */,
			);
			path = pluck;
			sourceTree = "<group>";
		};
		F6E9BE492996878400DFD5EF /* services */ = {
			isa = PBXGroup;
			children = (
			);
			path = services;
			sourceTree = "<group>";
		};
		F6E9BE4B2996879100DFD5EF /* models */ = {
			isa = PBXGroup;
			children = (
			);
			path = models;
			sourceTree = "<group>";
		};
		F6E9BE4C2996879500DFD5EF /* components */ = {
			isa = PBXGroup;
			children = (
			);
			path = components;
			sourceTree = "<group>";
		};
/* End PBXGroup section */

/* Begin PBXNativeTarget section */
		E8603B3A2996584000E09361 /* voice-pick-frontend */ = {
			isa = PBXNativeTarget;
			buildConfigurationList = E8603B5F2996584100E09361 /* Build configuration list for PBXNativeTarget "voice-pick-frontend" */;
			buildPhases = (
				E8603B372996584000E09361 /* Sources */,
				E8603B382996584000E09361 /* Frameworks */,
				E8603B392996584000E09361 /* Resources */,
			);
			buildRules = (
			);
			dependencies = (
			);
			name = "voice-pick-frontend";
			productName = "voice-pick-frontend";
			productReference = E8603B3B2996584000E09361 /* voice-pick-frontend.app */;
			productType = "com.apple.product-type.application";
		};
		E8603B4A2996584100E09361 /* voice-pick-frontendTests */ = {
			isa = PBXNativeTarget;
			buildConfigurationList = E8603B622996584100E09361 /* Build configuration list for PBXNativeTarget "voice-pick-frontendTests" */;
			buildPhases = (
				E8603B472996584100E09361 /* Sources */,
				E8603B482996584100E09361 /* Frameworks */,
				E8603B492996584100E09361 /* Resources */,
			);
			buildRules = (
			);
			dependencies = (
				E8603B4D2996584100E09361 /* PBXTargetDependency */,
			);
			name = "voice-pick-frontendTests";
			productName = "voice-pick-frontendTests";
			productReference = E8603B4B2996584100E09361 /* voice-pick-frontendTests.xctest */;
			productType = "com.apple.product-type.bundle.unit-test";
		};
		E8603B542996584100E09361 /* voice-pick-frontendUITests */ = {
			isa = PBXNativeTarget;
			buildConfigurationList = E8603B652996584100E09361 /* Build configuration list for PBXNativeTarget "voice-pick-frontendUITests" */;
			buildPhases = (
				E8603B512996584100E09361 /* Sources */,
				E8603B522996584100E09361 /* Frameworks */,
				E8603B532996584100E09361 /* Resources */,
			);
			buildRules = (
			);
			dependencies = (
				E8603B572996584100E09361 /* PBXTargetDependency */,
			);
			name = "voice-pick-frontendUITests";
			productName = "voice-pick-frontendUITests";
			productReference = E8603B552996584100E09361 /* voice-pick-frontendUITests.xctest */;
			productType = "com.apple.product-type.bundle.ui-testing";
		};
/* End PBXNativeTarget section */

/* Begin PBXProject section */
		E8603B332996584000E09361 /* Project object */ = {
			isa = PBXProject;
			attributes = {
				BuildIndependentTargetsInParallel = 1;
				LastSwiftUpdateCheck = 1400;
				LastUpgradeCheck = 1400;
				TargetAttributes = {
					E8603B3A2996584000E09361 = {
						CreatedOnToolsVersion = 14.0;
					};
					E8603B4A2996584100E09361 = {
						CreatedOnToolsVersion = 14.0;
						TestTargetID = E8603B3A2996584000E09361;
					};
					E8603B542996584100E09361 = {
						CreatedOnToolsVersion = 14.0;
						TestTargetID = E8603B3A2996584000E09361;
					};
				};
			};
			buildConfigurationList = E8603B362996584000E09361 /* Build configuration list for PBXProject "voice-pick-frontend" */;
			compatibilityVersion = "Xcode 14.0";
			developmentRegion = en;
			hasScannedForEncodings = 0;
			knownRegions = (
				en,
				Base,
			);
			mainGroup = E8603B322996584000E09361;
			productRefGroup = E8603B3C2996584000E09361 /* Products */;
			projectDirPath = "";
			projectRoot = "";
			targets = (
				E8603B3A2996584000E09361 /* voice-pick-frontend */,
				E8603B4A2996584100E09361 /* voice-pick-frontendTests */,
				E8603B542996584100E09361 /* voice-pick-frontendUITests */,
			);
		};
/* End PBXProject section */

/* Begin PBXResourcesBuildPhase section */
		E8603B392996584000E09361 /* Resources */ = {
			isa = PBXResourcesBuildPhase;
			buildActionMask = 2147483647;
			files = (
				E8603B462996584100E09361 /* Preview Assets.xcassets in Resources */,
				E8603B432996584100E09361 /* Assets.xcassets in Resources */,
			);
			runOnlyForDeploymentPostprocessing = 0;
		};
		E8603B492996584100E09361 /* Resources */ = {
			isa = PBXResourcesBuildPhase;
			buildActionMask = 2147483647;
			files = (
			);
			runOnlyForDeploymentPostprocessing = 0;
		};
		E8603B532996584100E09361 /* Resources */ = {
			isa = PBXResourcesBuildPhase;
			buildActionMask = 2147483647;
			files = (
			);
			runOnlyForDeploymentPostprocessing = 0;
		};
/* End PBXResourcesBuildPhase section */

/* Begin PBXSourcesBuildPhase section */
		E8603B372996584000E09361 /* Sources */ = {
			isa = PBXSourcesBuildPhase;
			buildActionMask = 2147483647;
			files = (
				8D1A2DE229966A42007062CE /* Font+Extension.swift in Sources */,
				E8603B412996584000E09361 /* ContentView.swift in Sources */,
				E8603B3F2996584000E09361 /* voice_pick_frontendApp.swift in Sources */,
				E8B8179829967D8400962940 /* Color+Extensions.swift in Sources */,
			);
			runOnlyForDeploymentPostprocessing = 0;
		};
		E8603B472996584100E09361 /* Sources */ = {
			isa = PBXSourcesBuildPhase;
			buildActionMask = 2147483647;
			files = (
				E8603B502996584100E09361 /* voice_pick_frontendTests.swift in Sources */,
			);
			runOnlyForDeploymentPostprocessing = 0;
		};
		E8603B512996584100E09361 /* Sources */ = {
			isa = PBXSourcesBuildPhase;
			buildActionMask = 2147483647;
			files = (
				E8603B5C2996584100E09361 /* voice_pick_frontendUITestsLaunchTests.swift in Sources */,
				E8603B5A2996584100E09361 /* voice_pick_frontendUITests.swift in Sources */,
			);
			runOnlyForDeploymentPostprocessing = 0;
		};
/* End PBXSourcesBuildPhase section */

/* Begin PBXTargetDependency section */
		E8603B4D2996584100E09361 /* PBXTargetDependency */ = {
			isa = PBXTargetDependency;
			target = E8603B3A2996584000E09361 /* voice-pick-frontend */;
			targetProxy = E8603B4C2996584100E09361 /* PBXContainerItemProxy */;
		};
		E8603B572996584100E09361 /* PBXTargetDependency */ = {
			isa = PBXTargetDependency;
			target = E8603B3A2996584000E09361 /* voice-pick-frontend */;
			targetProxy = E8603B562996584100E09361 /* PBXContainerItemProxy */;
		};
/* End PBXTargetDependency section */

/* Begin XCBuildConfiguration section */
		E8603B5D2996584100E09361 /* Debug */ = {
			isa = XCBuildConfiguration;
			buildSettings = {
				ALWAYS_SEARCH_USER_PATHS = NO;
				CLANG_ANALYZER_NONNULL = YES;
				CLANG_ANALYZER_NUMBER_OBJECT_CONVERSION = YES_AGGRESSIVE;
				CLANG_CXX_LANGUAGE_STANDARD = "gnu++20";
				CLANG_ENABLE_MODULES = YES;
				CLANG_ENABLE_OBJC_ARC = YES;
				CLANG_ENABLE_OBJC_WEAK = YES;
				CLANG_WARN_BLOCK_CAPTURE_AUTORELEASING = YES;
				CLANG_WARN_BOOL_CONVERSION = YES;
				CLANG_WARN_COMMA = YES;
				CLANG_WARN_CONSTANT_CONVERSION = YES;
				CLANG_WARN_DEPRECATED_OBJC_IMPLEMENTATIONS = YES;
				CLANG_WARN_DIRECT_OBJC_ISA_USAGE = YES_ERROR;
				CLANG_WARN_DOCUMENTATION_COMMENTS = YES;
				CLANG_WARN_EMPTY_BODY = YES;
				CLANG_WARN_ENUM_CONVERSION = YES;
				CLANG_WARN_INFINITE_RECURSION = YES;
				CLANG_WARN_INT_CONVERSION = YES;
				CLANG_WARN_NON_LITERAL_NULL_CONVERSION = YES;
				CLANG_WARN_OBJC_IMPLICIT_RETAIN_SELF = YES;
				CLANG_WARN_OBJC_LITERAL_CONVERSION = YES;
				CLANG_WARN_OBJC_ROOT_CLASS = YES_ERROR;
				CLANG_WARN_QUOTED_INCLUDE_IN_FRAMEWORK_HEADER = YES;
				CLANG_WARN_RANGE_LOOP_ANALYSIS = YES;
				CLANG_WARN_STRICT_PROTOTYPES = YES;
				CLANG_WARN_SUSPICIOUS_MOVE = YES;
				CLANG_WARN_UNGUARDED_AVAILABILITY = YES_AGGRESSIVE;
				CLANG_WARN_UNREACHABLE_CODE = YES;
				CLANG_WARN__DUPLICATE_METHOD_MATCH = YES;
				COPY_PHASE_STRIP = NO;
				DEBUG_INFORMATION_FORMAT = dwarf;
				ENABLE_STRICT_OBJC_MSGSEND = YES;
				ENABLE_TESTABILITY = YES;
				GCC_C_LANGUAGE_STANDARD = gnu11;
				GCC_DYNAMIC_NO_PIC = NO;
				GCC_NO_COMMON_BLOCKS = YES;
				GCC_OPTIMIZATION_LEVEL = 0;
				GCC_PREPROCESSOR_DEFINITIONS = (
					"DEBUG=1",
					"$(inherited)",
				);
				GCC_WARN_64_TO_32_BIT_CONVERSION = YES;
				GCC_WARN_ABOUT_RETURN_TYPE = YES_ERROR;
				GCC_WARN_UNDECLARED_SELECTOR = YES;
				GCC_WARN_UNINITIALIZED_AUTOS = YES_AGGRESSIVE;
				GCC_WARN_UNUSED_FUNCTION = YES;
				GCC_WARN_UNUSED_VARIABLE = YES;
				IPHONEOS_DEPLOYMENT_TARGET = 16.0;
				MTL_ENABLE_DEBUG_INFO = INCLUDE_SOURCE;
				MTL_FAST_MATH = YES;
				ONLY_ACTIVE_ARCH = YES;
				SDKROOT = iphoneos;
				SWIFT_ACTIVE_COMPILATION_CONDITIONS = DEBUG;
				SWIFT_OPTIMIZATION_LEVEL = "-Onone";
			};
			name = Debug;
		};
		E8603B5E2996584100E09361 /* Release */ = {
			isa = XCBuildConfiguration;
			buildSettings = {
				ALWAYS_SEARCH_USER_PATHS = NO;
				CLANG_ANALYZER_NONNULL = YES;
				CLANG_ANALYZER_NUMBER_OBJECT_CONVERSION = YES_AGGRESSIVE;
				CLANG_CXX_LANGUAGE_STANDARD = "gnu++20";
				CLANG_ENABLE_MODULES = YES;
				CLANG_ENABLE_OBJC_ARC = YES;
				CLANG_ENABLE_OBJC_WEAK = YES;
				CLANG_WARN_BLOCK_CAPTURE_AUTORELEASING = YES;
				CLANG_WARN_BOOL_CONVERSION = YES;
				CLANG_WARN_COMMA = YES;
				CLANG_WARN_CONSTANT_CONVERSION = YES;
				CLANG_WARN_DEPRECATED_OBJC_IMPLEMENTATIONS = YES;
				CLANG_WARN_DIRECT_OBJC_ISA_USAGE = YES_ERROR;
				CLANG_WARN_DOCUMENTATION_COMMENTS = YES;
				CLANG_WARN_EMPTY_BODY = YES;
				CLANG_WARN_ENUM_CONVERSION = YES;
				CLANG_WARN_INFINITE_RECURSION = YES;
				CLANG_WARN_INT_CONVERSION = YES;
				CLANG_WARN_NON_LITERAL_NULL_CONVERSION = YES;
				CLANG_WARN_OBJC_IMPLICIT_RETAIN_SELF = YES;
				CLANG_WARN_OBJC_LITERAL_CONVERSION = YES;
				CLANG_WARN_OBJC_ROOT_CLASS = YES_ERROR;
				CLANG_WARN_QUOTED_INCLUDE_IN_FRAMEWORK_HEADER = YES;
				CLANG_WARN_RANGE_LOOP_ANALYSIS = YES;
				CLANG_WARN_STRICT_PROTOTYPES = YES;
				CLANG_WARN_SUSPICIOUS_MOVE = YES;
				CLANG_WARN_UNGUARDED_AVAILABILITY = YES_AGGRESSIVE;
				CLANG_WARN_UNREACHABLE_CODE = YES;
				CLANG_WARN__DUPLICATE_METHOD_MATCH = YES;
				COPY_PHASE_STRIP = NO;
				DEBUG_INFORMATION_FORMAT = "dwarf-with-dsym";
				ENABLE_NS_ASSERTIONS = NO;
				ENABLE_STRICT_OBJC_MSGSEND = YES;
				GCC_C_LANGUAGE_STANDARD = gnu11;
				GCC_NO_COMMON_BLOCKS = YES;
				GCC_WARN_64_TO_32_BIT_CONVERSION = YES;
				GCC_WARN_ABOUT_RETURN_TYPE = YES_ERROR;
				GCC_WARN_UNDECLARED_SELECTOR = YES;
				GCC_WARN_UNINITIALIZED_AUTOS = YES_AGGRESSIVE;
				GCC_WARN_UNUSED_FUNCTION = YES;
				GCC_WARN_UNUSED_VARIABLE = YES;
				IPHONEOS_DEPLOYMENT_TARGET = 16.0;
				MTL_ENABLE_DEBUG_INFO = NO;
				MTL_FAST_MATH = YES;
				SDKROOT = iphoneos;
				SWIFT_COMPILATION_MODE = wholemodule;
				SWIFT_OPTIMIZATION_LEVEL = "-O";
				VALIDATE_PRODUCT = YES;
			};
			name = Release;
		};
		E8603B602996584100E09361 /* Debug */ = {
			isa = XCBuildConfiguration;
			buildSettings = {
				ASSETCATALOG_COMPILER_APPICON_NAME = AppIcon;
				ASSETCATALOG_COMPILER_GLOBAL_ACCENT_COLOR_NAME = AccentColor;
				CODE_SIGN_STYLE = Automatic;
				CURRENT_PROJECT_VERSION = 1;
				DEVELOPMENT_ASSET_PATHS = "\"voice-pick-frontend/Preview Content\"";
				DEVELOPMENT_TEAM = 3SR89T93YC;
				ENABLE_PREVIEWS = YES;
				GENERATE_INFOPLIST_FILE = YES;
				INFOPLIST_KEY_UIApplicationSceneManifest_Generation = YES;
				INFOPLIST_KEY_UIApplicationSupportsIndirectInputEvents = YES;
				INFOPLIST_KEY_UILaunchScreen_Generation = YES;
				INFOPLIST_KEY_UISupportedInterfaceOrientations_iPad = "UIInterfaceOrientationPortrait UIInterfaceOrientationPortraitUpsideDown UIInterfaceOrientationLandscapeLeft UIInterfaceOrientationLandscapeRight";
				INFOPLIST_KEY_UISupportedInterfaceOrientations_iPhone = "UIInterfaceOrientationPortrait UIInterfaceOrientationLandscapeLeft UIInterfaceOrientationLandscapeRight";
				LD_RUNPATH_SEARCH_PATHS = (
					"$(inherited)",
					"@executable_path/Frameworks",
				);
				MARKETING_VERSION = 1.0;
				PRODUCT_BUNDLE_IDENTIFIER = "ntnu.bachelor.voice-pick-frontend";
				PRODUCT_NAME = "$(TARGET_NAME)";
				SWIFT_EMIT_LOC_STRINGS = YES;
				SWIFT_VERSION = 5.0;
				TARGETED_DEVICE_FAMILY = "1,2";
			};
			name = Debug;
		};
		E8603B612996584100E09361 /* Release */ = {
			isa = XCBuildConfiguration;
			buildSettings = {
				ASSETCATALOG_COMPILER_APPICON_NAME = AppIcon;
				ASSETCATALOG_COMPILER_GLOBAL_ACCENT_COLOR_NAME = AccentColor;
				CODE_SIGN_STYLE = Automatic;
				CURRENT_PROJECT_VERSION = 1;
				DEVELOPMENT_ASSET_PATHS = "\"voice-pick-frontend/Preview Content\"";
				DEVELOPMENT_TEAM = 3SR89T93YC;
				ENABLE_PREVIEWS = YES;
				GENERATE_INFOPLIST_FILE = YES;
				INFOPLIST_KEY_UIApplicationSceneManifest_Generation = YES;
				INFOPLIST_KEY_UIApplicationSupportsIndirectInputEvents = YES;
				INFOPLIST_KEY_UILaunchScreen_Generation = YES;
				INFOPLIST_KEY_UISupportedInterfaceOrientations_iPad = "UIInterfaceOrientationPortrait UIInterfaceOrientationPortraitUpsideDown UIInterfaceOrientationLandscapeLeft UIInterfaceOrientationLandscapeRight";
				INFOPLIST_KEY_UISupportedInterfaceOrientations_iPhone = "UIInterfaceOrientationPortrait UIInterfaceOrientationLandscapeLeft UIInterfaceOrientationLandscapeRight";
				LD_RUNPATH_SEARCH_PATHS = (
					"$(inherited)",
					"@executable_path/Frameworks",
				);
				MARKETING_VERSION = 1.0;
				PRODUCT_BUNDLE_IDENTIFIER = "ntnu.bachelor.voice-pick-frontend";
				PRODUCT_NAME = "$(TARGET_NAME)";
				SWIFT_EMIT_LOC_STRINGS = YES;
				SWIFT_VERSION = 5.0;
				TARGETED_DEVICE_FAMILY = "1,2";
			};
			name = Release;
		};
		E8603B632996584100E09361 /* Debug */ = {
			isa = XCBuildConfiguration;
			buildSettings = {
				ALWAYS_EMBED_SWIFT_STANDARD_LIBRARIES = YES;
				BUNDLE_LOADER = "$(TEST_HOST)";
				CODE_SIGN_STYLE = Automatic;
				CURRENT_PROJECT_VERSION = 1;
				DEVELOPMENT_TEAM = 3SR89T93YC;
				GENERATE_INFOPLIST_FILE = YES;
				IPHONEOS_DEPLOYMENT_TARGET = 16.0;
				MARKETING_VERSION = 1.0;
				PRODUCT_BUNDLE_IDENTIFIER = "ntnu.bachelor.voice-pick-frontendTests";
				PRODUCT_NAME = "$(TARGET_NAME)";
				SWIFT_EMIT_LOC_STRINGS = NO;
				SWIFT_VERSION = 5.0;
				TARGETED_DEVICE_FAMILY = "1,2";
				TEST_HOST = "$(BUILT_PRODUCTS_DIR)/voice-pick-frontend.app/$(BUNDLE_EXECUTABLE_FOLDER_PATH)/voice-pick-frontend";
			};
			name = Debug;
		};
		E8603B642996584100E09361 /* Release */ = {
			isa = XCBuildConfiguration;
			buildSettings = {
				ALWAYS_EMBED_SWIFT_STANDARD_LIBRARIES = YES;
				BUNDLE_LOADER = "$(TEST_HOST)";
				CODE_SIGN_STYLE = Automatic;
				CURRENT_PROJECT_VERSION = 1;
				DEVELOPMENT_TEAM = 3SR89T93YC;
				GENERATE_INFOPLIST_FILE = YES;
				IPHONEOS_DEPLOYMENT_TARGET = 16.0;
				MARKETING_VERSION = 1.0;
				PRODUCT_BUNDLE_IDENTIFIER = "ntnu.bachelor.voice-pick-frontendTests";
				PRODUCT_NAME = "$(TARGET_NAME)";
				SWIFT_EMIT_LOC_STRINGS = NO;
				SWIFT_VERSION = 5.0;
				TARGETED_DEVICE_FAMILY = "1,2";
				TEST_HOST = "$(BUILT_PRODUCTS_DIR)/voice-pick-frontend.app/$(BUNDLE_EXECUTABLE_FOLDER_PATH)/voice-pick-frontend";
			};
			name = Release;
		};
		E8603B662996584100E09361 /* Debug */ = {
			isa = XCBuildConfiguration;
			buildSettings = {
				ALWAYS_EMBED_SWIFT_STANDARD_LIBRARIES = YES;
				CODE_SIGN_STYLE = Automatic;
				CURRENT_PROJECT_VERSION = 1;
				DEVELOPMENT_TEAM = 3SR89T93YC;
				GENERATE_INFOPLIST_FILE = YES;
				MARKETING_VERSION = 1.0;
				PRODUCT_BUNDLE_IDENTIFIER = "ntnu.bachelor.voice-pick-frontendUITests";
				PRODUCT_NAME = "$(TARGET_NAME)";
				SWIFT_EMIT_LOC_STRINGS = NO;
				SWIFT_VERSION = 5.0;
				TARGETED_DEVICE_FAMILY = "1,2";
				TEST_TARGET_NAME = "voice-pick-frontend";
			};
			name = Debug;
		};
		E8603B672996584100E09361 /* Release */ = {
			isa = XCBuildConfiguration;
			buildSettings = {
				ALWAYS_EMBED_SWIFT_STANDARD_LIBRARIES = YES;
				CODE_SIGN_STYLE = Automatic;
				CURRENT_PROJECT_VERSION = 1;
				DEVELOPMENT_TEAM = 3SR89T93YC;
				GENERATE_INFOPLIST_FILE = YES;
				MARKETING_VERSION = 1.0;
				PRODUCT_BUNDLE_IDENTIFIER = "ntnu.bachelor.voice-pick-frontendUITests";
				PRODUCT_NAME = "$(TARGET_NAME)";
				SWIFT_EMIT_LOC_STRINGS = NO;
				SWIFT_VERSION = 5.0;
				TARGETED_DEVICE_FAMILY = "1,2";
				TEST_TARGET_NAME = "voice-pick-frontend";
			};
			name = Release;
		};
/* End XCBuildConfiguration section */

/* Begin XCConfigurationList section */
		E8603B362996584000E09361 /* Build configuration list for PBXProject "voice-pick-frontend" */ = {
			isa = XCConfigurationList;
			buildConfigurations = (
				E8603B5D2996584100E09361 /* Debug */,
				E8603B5E2996584100E09361 /* Release */,
			);
			defaultConfigurationIsVisible = 0;
			defaultConfigurationName = Release;
		};
		E8603B5F2996584100E09361 /* Build configuration list for PBXNativeTarget "voice-pick-frontend" */ = {
			isa = XCConfigurationList;
			buildConfigurations = (
				E8603B602996584100E09361 /* Debug */,
				E8603B612996584100E09361 /* Release */,
			);
			defaultConfigurationIsVisible = 0;
			defaultConfigurationName = Release;
		};
		E8603B622996584100E09361 /* Build configuration list for PBXNativeTarget "voice-pick-frontendTests" */ = {
			isa = XCConfigurationList;
			buildConfigurations = (
				E8603B632996584100E09361 /* Debug */,
				E8603B642996584100E09361 /* Release */,
			);
			defaultConfigurationIsVisible = 0;
			defaultConfigurationName = Release;
		};
		E8603B652996584100E09361 /* Build configuration list for PBXNativeTarget "voice-pick-frontendUITests" */ = {
			isa = XCConfigurationList;
			buildConfigurations = (
				E8603B662996584100E09361 /* Debug */,
				E8603B672996584100E09361 /* Release */,
			);
			defaultConfigurationIsVisible = 0;
			defaultConfigurationName = Release;
		};
/* End XCConfigurationList section */
	};
	rootObject = E8603B332996584000E09361 /* Project object */;
}
