{
  "pins" : [
    {
      "identity" : "codescanner",
      "kind" : "remoteSourceControl",
      "location" : "https://github.com/twostraws/CodeScanner",
      "state" : {
        "revision" : "d8f10d992ef32a4187b78a6df320facf75d631d8",
        "version" : "2.3.1"
      }
    },
    {
      "identity" : "keychain-swift",
      "kind" : "remoteSourceControl",
      "location" : "https://github.com/evgenyneu/keychain-swift",
      "state" : {
        "branch" : "master",
        "revision" : "c1fde55798b164cad44b5e23cfa2f0f1ebcd76af"
      }
    }
  ],
  "version" : 2
}
